
Microsoft Visual Studio Solution File, Format Version 12.00
# Visual Studio Version 16
VisualStudioVersion = 16.0.34301.259
MinimumVisualStudioVersion = 10.0.40219.1
Project("{FAE04EC0-301F-11D3-BF4B-00C04F79EFBC}") = "a7D.PDV.Caixa.UI", "a7D.PDV.Caixa.UI\a7D.PDV.Caixa.UI.csproj", "{125BD11C-AC02-4973-9C2D-0720FE1C5C46}"
EndProject
Project("{FAE04EC0-301F-11D3-BF4B-00C04F79EFBC}") = "a7D.PDV.Model", "a7D.PDV.Model\a7D.PDV.Model.csproj", "{22BA05B8-59D7-4E09-8471-7C8012F1B100}"
EndProject
Project("{FAE04EC0-301F-11D3-BF4B-00C04F79EFBC}") = "a7D.PDV.BLL", "a7D.PDV.BLL\a7D.PDV.BLL.csproj", "{1B8AD873-6B0A-45D6-803E-E6CC104BCE81}"
EndProject
Project("{FAE04EC0-301F-11D3-BF4B-00C04F79EFBC}") = "a7D.PDV.DAL", "a7D.PDV.DAL\a7D.PDV.DAL.csproj", "{A4B2AB32-5D8E-4AE9-8350-CB75759A9B11}"
EndProject
Project("{FAE04EC0-301F-11D3-BF4B-00C04F79EFBC}") = "a7D.PDV.Terminal.UI", "a7D.PDV.Terminal.UI\a7D.PDV.Terminal.UI.csproj", "{58D334DC-CEC5-4D6F-BB01-73E13FECAB63}"
EndProject
Project("{FAE04EC0-301F-11D3-BF4B-00C04F79EFBC}") = "a7D.PDV.BackOffice.UI", "a7D.PDV.BackOffice.UI\a7D.PDV.BackOffice.UI.csproj", "{7CAAD278-4001-4CE7-8F16-6573892D12E9}"
EndProject
Project("{FAE04EC0-301F-11D3-BF4B-00C04F79EFBC}") = "a7D.PDV.Impressora", "a7D.PDV.Impressora\a7D.PDV.Impressora.csproj", "{86D34513-7E1D-4DD1-AB22-6A2AC809EA93}"
EndProject
Project("{FAE04EC0-301F-11D3-BF4B-00C04F79EFBC}") = "a7D.PDV.Fiscal", "a7D.PDV.Fiscal\a7D.PDV.Fiscal.csproj", "{C506BD2C-FCB7-49E2-9759-661573B1C60A}"
EndProject
Project("{2150E333-8FDC-42A3-9474-1A3956D46DE8}") = "Infra", "Infra", "{95FEE37E-4A59-4087-8041-D38061CB8063}"
	ProjectSection(SolutionItems) = preProject
		..\Instalador\instalador_PDVSeven.nsi = ..\Instalador\instalador_PDVSeven.nsi
		..\Instalador\instalador_Teste.nsi = ..\Instalador\instalador_Teste.nsi
		..\Instalador\instalar_SQL.bat = ..\Instalador\instalar_SQL.bat
		..\Instalador\PDV7.ico = ..\Instalador\PDV7.ico
		..\Documentos\README.txt = ..\Documentos\README.txt
		SharedAssemblyInfo.cs = SharedAssemblyInfo.cs
	EndProjectSection
EndProject
Project("{2150E333-8FDC-42A3-9474-1A3956D46DE8}") = "Aplicações-client", "Aplicações-client", "{5F48B3D5-BFC8-43CE-A2DA-5D86F359C05B}"
EndProject
Project("{FAE04EC0-301F-11D3-BF4B-00C04F79EFBC}") = "a7D.PDV.Integracao.Balanca", "a7D.PDV.Balanca\a7D.PDV.Integracao.Balanca.csproj", "{3511148B-317B-4B99-873A-9B328B771410}"
EndProject
Project("{FAE04EC0-301F-11D3-BF4B-00C04F79EFBC}") = "a7D.PDV.Integracao.WS2", "a7D.PDV.Integracao.WS2\a7D.PDV.Integracao.WS2.csproj", "{548E02A9-7130-4A82-8701-8E87F5A05656}"
EndProject
Project("{FAE04EC0-301F-11D3-BF4B-00C04F79EFBC}") = "a7D.PDV.Integracao.Servico.UI", "a7D.PDV.Integracao.Servico.UI\a7D.PDV.Integracao.Servico.UI.csproj", "{D4674406-445B-46FA-8408-7D89D32D37B2}"
EndProject
Project("{FAE04EC0-301F-11D3-BF4B-00C04F79EFBC}") = "a7D.PDV.Integracao.Core", "a7D.PDV.Integracao.Servico.Core\a7D.PDV.Integracao.Core.csproj", "{79DCF4FA-291F-4A15-A41B-F915938B8536}"
EndProject
Project("{FAE04EC0-301F-11D3-BF4B-00C04F79EFBC}") = "a7D.PDV.Componentes", "a7D.PDV.Componentes\a7D.PDV.Componentes.csproj", "{06274B88-CF73-4E1F-80B1-1CB73B3930D6}"
EndProject
Project("{FAE04EC0-301F-11D3-BF4B-00C04F79EFBC}") = "a7D.PDV.Integracao.Pagamento", "a7D.PDV.Integracao.Pagamento\a7D.PDV.Integracao.Pagamento.csproj", "{26083FD7-642B-4F53-BAB3-1C8F0AC8EABF}"
EndProject
Project("{FAE04EC0-301F-11D3-BF4B-00C04F79EFBC}") = "a7D.PDV.EF", "a7D.PDV.EF\a7D.PDV.EF.csproj", "{75EF9713-861A-4C6B-8F7F-1343FDCBBFFB}"
EndProject
Project("{FAE04EC0-301F-11D3-BF4B-00C04F79EFBC}") = "a7D.PDV.AutoAtendimento.UI", "a7D.PDV.AutoAtendimento.UI\a7D.PDV.AutoAtendimento.UI.csproj", "{DD62C276-E6C2-4C5A-B752-F31A83C039E4}"
EndProject
Project("{FAE04EC0-301F-11D3-BF4B-00C04F79EFBC}") = "a7D.PDV.Integracao.API2.Model", "a7D.PDV.Integracao.API2.Model\a7D.PDV.Integracao.API2.Model.csproj", "{F24C813D-011C-4665-A36C-75F4080F0F7B}"
EndProject
Project("{FAE04EC0-301F-11D3-BF4B-00C04F79EFBC}") = "a7D.PDV.Integracao.API2.Client", "a7D.PDV.Integracao.API2.Client\a7D.PDV.Integracao.API2.Client.csproj", "{546A83D6-ECD2-4FD5-920C-DD9763033FC5}"
EndProject
Project("{FAE04EC0-301F-11D3-BF4B-00C04F79EFBC}") = "a7D.PDV.Integracao.Pagamento.UI", "a7D.PDV.Integracao.Pagamento.UI\a7D.PDV.Integracao.Pagamento.UI.csproj", "{EB1B7E0C-FFDC-4088-83F2-EDE0AF24D790}"
EndProject
Project("{FAE04EC0-301F-11D3-BF4B-00C04F79EFBC}") = "a7D.PDV.Configurador.UI", "a7D.PDV.Configurador.UI\a7D.PDV.Configurador.UI.csproj", "{87060C34-EE0A-4DCD-BCF1-6A213C4D371E}"
EndProject
Project("{FAE04EC0-301F-11D3-BF4B-00C04F79EFBC}") = "MuxxLib", "MuxxLib\MuxxLib.csproj", "{61A3B8E0-67EB-4E70-93E1-795468BD4904}"
EndProject
Project("{FAE04EC0-301F-11D3-BF4B-00C04F79EFBC}") = "a7D.PDV.LocalizadorBalanca.UI", "a7D.PDV.LocalizadorBalanca.UI\a7D.PDV.LocalizadorBalanca.UI.csproj", "{6B2D5C51-4F3E-49F8-9F0A-B682A709BE81}"
EndProject
Project("{FAE04EC0-301F-11D3-BF4B-00C04F79EFBC}") = "a7D.PDV.PainelMesaComanda.UI", "a7D.PDV.PainelMesaComanda.UI\a7D.PDV.PainelMesaComanda.UI.csproj", "{4DB2388A-2AAA-4369-A30D-35EC284164DB}"
EndProject
Project("{FAE04EC0-301F-11D3-BF4B-00C04F79EFBC}") = "a7D.PDV.SaidaComanda.UI", "a7D.PDV.SaidaComanda.UI\a7D.PDV.SaidaComanda.UI.csproj", "{BEB539FB-C093-4333-8828-9F78BB6ADCE7}"
EndProject
Project("{FAE04EC0-301F-11D3-BF4B-00C04F79EFBC}") = "a7D.PDV.Integracao.iFood", "a7D.PDV.Integracao.iFood\a7D.PDV.Integracao.iFood.csproj", "{BFDCB202-B7A6-4F3D-813F-970ECB7539AF}"
EndProject
Project("{2150E333-8FDC-42A3-9474-1A3956D46DE8}") = "Integrações-core", "Integrações-core", "{423323A3-9205-471F-A172-FB297DA447D3}"
EndProject
Project("{FAE04EC0-301F-11D3-BF4B-00C04F79EFBC}") = "a7D.PDV.Integracao.OrdemImpressao", "a7D.PDV.Integracao.OrdemImpressao\a7D.PDV.Integracao.OrdemImpressao.csproj", "{BAB19F73-2E6D-43FE-97B4-CB6260372E26}"
EndProject
Project("{FAE04EC0-301F-11D3-BF4B-00C04F79EFBC}") = "a7D.PDV.Integracao.NTKServer", "a7D.PDV.Integracao.NTKServer\a7D.PDV.Integracao.NTKServer.csproj", "{981CD2A5-6DE0-4B26-A861-0942D4EA2685}"
EndProject
Project("{FAE04EC0-301F-11D3-BF4B-00C04F79EFBC}") = "a7D.PDV.Ativacao.Shared", "A7D.PDV.Ativacao.Shared\a7D.PDV.Ativacao.Shared.csproj", "{D22EC4D8-FF56-4A5D-9505-033FC072D291}"
EndProject
Project("{FAE04EC0-301F-11D3-BF4B-00C04F79EFBC}") = "a7D.PDV.Integracao.Server", "a7D.PDV.Integracao.Server\a7D.PDV.Integracao.Server.csproj", "{7A68F400-0913-4550-B0AE-DD322F200F27}"
EndProject
Project("{D954291E-2A0B-460D-934E-DC6B0785DB48}") = "a7D.PDV.Atualizacao.Shared", "a7D.PDV.Atualizacao.Shared\a7D.PDV.Atualizacao.Shared.shproj", "{89D587A3-5F46-4D89-B842-BB35A121E4BF}"
EndProject
Project("{2150E333-8FDC-42A3-9474-1A3956D46DE8}") = "Fiscal", "Fiscal", "{14EF9757-8481-46A9-A59D-5063056FC2F3}"
EndProject
Project("{FAE04EC0-301F-11D3-BF4B-00C04F79EFBC}") = "GraphicsPrinter", "ZeusNFCe\GraphicsPrinter\GraphicsPrinter.csproj", "{3067EFCC-91DE-48EA-8F7E-E0D95216C6DC}"
EndProject
Project("{FAE04EC0-301F-11D3-BF4B-00C04F79EFBC}") = "NFe.Danfe.Base", "ZeusNFCe\NFe.Danfe.Base\NFe.Danfe.Base.csproj", "{80C6093C-47D5-41A1-9FA0-E218E82FA666}"
EndProject
Project("{FAE04EC0-301F-11D3-BF4B-00C04F79EFBC}") = "NFe.Danfe.Nativo", "ZeusNFCe\NFe.Danfe.Nativo\NFe.Danfe.Nativo.csproj", "{BA27D218-484B-4F08-BAB9-38C02181BDED}"
EndProject
Project("{FAE04EC0-301F-11D3-BF4B-00C04F79EFBC}") = "a7D.PDV.Fiscal.Services", "a7D.PDV.Fiscal.Services\a7D.PDV.Fiscal.Services.csproj", "{B3121CA8-FA98-4EE7-97A0-F3FE38B958A2}"
EndProject
Project("{FAE04EC0-301F-11D3-BF4B-00C04F79EFBC}") = "a7D.PDV.Fiscal.Comunicacao", "a7D.PDV.Fiscal.Comunicacao\a7D.PDV.Fiscal.Comunicacao.csproj", "{D557076F-5384-48D9-B483-35C911E46D30}"
EndProject
Project("{FAE04EC0-301F-11D3-BF4B-00C04F79EFBC}") = "a7D.PDV.SATService", "a7D.PDV.SATService\a7D.PDV.SATService.csproj", "{4FE1FC58-F73F-4716-A2DE-0262921ED15D}"
EndProject
Project("{FAE04EC0-301F-11D3-BF4B-00C04F79EFBC}") = "a7D.PDV.Integracao.DeliveryOnline", "a7D.PDV.Integracao.DeliveryOnline\a7D.PDV.Integracao.DeliveryOnline.csproj", "{B4334C06-09BD-463F-9908-27C19D475940}"
EndProject
Project("{FAE04EC0-301F-11D3-BF4B-00C04F79EFBC}") = "a7D.PDV.Integracao.PixConta", "a7D.PDV.Integracao.PixConta\a7D.PDV.Integracao.PixConta.csproj", "{62E45865-C331-4BE3-96D8-3D213C4CD5D4}"
EndProject
Project("{2150E333-8FDC-42A3-9474-1A3956D46DE8}") = "Serviços", "Serviços", "{834F60EB-3816-49C3-A421-90BADCD457F9}"
EndProject
Project("{2150E333-8FDC-42A3-9474-1A3956D46DE8}") = "Aplicações-server", "Aplicações-server", "{AF0D5231-1CB1-4699-B05C-488202139302}"
EndProject
Project("{2150E333-8FDC-42A3-9474-1A3956D46DE8}") = "Integrações", "Integrações", "{CA98F9AF-8E68-4423-B376-C54CE55E7ABC}"
EndProject
Global
	GlobalSection(SharedMSBuildProjectFiles) = preSolution
		a7D.PDV.Atualizacao.Shared\a7D.PDV.Atualizacao.Shared.projitems*{06274b88-cf73-4e1f-80b1-1cb73b3930d6}*SharedItemsImports = 4
		a7D.PDV.Atualizacao.Shared\a7D.PDV.Atualizacao.Shared.projitems*{89d587a3-5f46-4d89-b842-bb35a121e4bf}*SharedItemsImports = 13
		a7D.PDV.Atualizacao.Shared\a7D.PDV.Atualizacao.Shared.projitems*{beb539fb-c093-4333-8828-9f78bb6adce7}*SharedItemsImports = 4
		a7D.PDV.Atualizacao.Shared\a7D.PDV.Atualizacao.Shared.projitems*{dd62c276-e6c2-4c5a-b752-f31a83c039e4}*SharedItemsImports = 4
	EndGlobalSection
	GlobalSection(SolutionConfigurationPlatforms) = preSolution
		Debug|Any CPU = Debug|Any CPU
		Debug|Mixed Platforms = Debug|Mixed Platforms
		Debug|x64 = Debug|x64
		Debug|x86 = Debug|x86
		Development|Any CPU = Development|Any CPU
		Development|Mixed Platforms = Development|Mixed Platforms
		Development|x64 = Development|x64
		Development|x86 = Development|x86
		Release|Any CPU = Release|Any CPU
		Release|Mixed Platforms = Release|Mixed Platforms
		Release|x64 = Release|x64
		Release|x86 = Release|x86
	EndGlobalSection
	GlobalSection(ProjectConfigurationPlatforms) = postSolution
		{125BD11C-AC02-4973-9C2D-0720FE1C5C46}.Debug|Any CPU.ActiveCfg = Debug|Any CPU
		{125BD11C-AC02-4973-9C2D-0720FE1C5C46}.Debug|Any CPU.Build.0 = Debug|Any CPU
		{125BD11C-AC02-4973-9C2D-0720FE1C5C46}.Debug|Mixed Platforms.ActiveCfg = Debug|x86
		{125BD11C-AC02-4973-9C2D-0720FE1C5C46}.Debug|Mixed Platforms.Build.0 = Debug|x86
		{125BD11C-AC02-4973-9C2D-0720FE1C5C46}.Debug|x64.ActiveCfg = Debug|x64
		{125BD11C-AC02-4973-9C2D-0720FE1C5C46}.Debug|x64.Build.0 = Debug|x64
		{125BD11C-AC02-4973-9C2D-0720FE1C5C46}.Debug|x86.ActiveCfg = Debug|x86
		{125BD11C-AC02-4973-9C2D-0720FE1C5C46}.Debug|x86.Build.0 = Debug|x86
		{125BD11C-AC02-4973-9C2D-0720FE1C5C46}.Development|Any CPU.ActiveCfg = Debug|Any CPU
		{125BD11C-AC02-4973-9C2D-0720FE1C5C46}.Development|Any CPU.Build.0 = Debug|Any CPU
		{125BD11C-AC02-4973-9C2D-0720FE1C5C46}.Development|Mixed Platforms.ActiveCfg = Debug|x86
		{125BD11C-AC02-4973-9C2D-0720FE1C5C46}.Development|Mixed Platforms.Build.0 = Debug|x86
		{125BD11C-AC02-4973-9C2D-0720FE1C5C46}.Development|x64.ActiveCfg = Debug|x64
		{125BD11C-AC02-4973-9C2D-0720FE1C5C46}.Development|x64.Build.0 = Debug|x64
		{125BD11C-AC02-4973-9C2D-0720FE1C5C46}.Development|x86.ActiveCfg = Debug|x86
		{125BD11C-AC02-4973-9C2D-0720FE1C5C46}.Development|x86.Build.0 = Debug|x86
		{125BD11C-AC02-4973-9C2D-0720FE1C5C46}.Release|Any CPU.ActiveCfg = Release|Any CPU
		{125BD11C-AC02-4973-9C2D-0720FE1C5C46}.Release|Any CPU.Build.0 = Release|Any CPU
		{125BD11C-AC02-4973-9C2D-0720FE1C5C46}.Release|Mixed Platforms.ActiveCfg = Release|x86
		{125BD11C-AC02-4973-9C2D-0720FE1C5C46}.Release|Mixed Platforms.Build.0 = Release|x86
		{125BD11C-AC02-4973-9C2D-0720FE1C5C46}.Release|x64.ActiveCfg = Release|x64
		{125BD11C-AC02-4973-9C2D-0720FE1C5C46}.Release|x64.Build.0 = Release|x64
		{125BD11C-AC02-4973-9C2D-0720FE1C5C46}.Release|x86.ActiveCfg = Release|x86
		{125BD11C-AC02-4973-9C2D-0720FE1C5C46}.Release|x86.Build.0 = Release|x86
		{22BA05B8-59D7-4E09-8471-7C8012F1B100}.Debug|Any CPU.ActiveCfg = Debug|Any CPU
		{22BA05B8-59D7-4E09-8471-7C8012F1B100}.Debug|Any CPU.Build.0 = Debug|Any CPU
		{22BA05B8-59D7-4E09-8471-7C8012F1B100}.Debug|Mixed Platforms.ActiveCfg = Debug|Any CPU
		{22BA05B8-59D7-4E09-8471-7C8012F1B100}.Debug|Mixed Platforms.Build.0 = Debug|Any CPU
		{22BA05B8-59D7-4E09-8471-7C8012F1B100}.Debug|x64.ActiveCfg = Debug|x64
		{22BA05B8-59D7-4E09-8471-7C8012F1B100}.Debug|x64.Build.0 = Debug|x64
		{22BA05B8-59D7-4E09-8471-7C8012F1B100}.Debug|x86.ActiveCfg = Debug|Any CPU
		{22BA05B8-59D7-4E09-8471-7C8012F1B100}.Development|Any CPU.ActiveCfg = Debug|Any CPU
		{22BA05B8-59D7-4E09-8471-7C8012F1B100}.Development|Any CPU.Build.0 = Debug|Any CPU
		{22BA05B8-59D7-4E09-8471-7C8012F1B100}.Development|Mixed Platforms.ActiveCfg = Debug|Any CPU
		{22BA05B8-59D7-4E09-8471-7C8012F1B100}.Development|Mixed Platforms.Build.0 = Debug|Any CPU
		{22BA05B8-59D7-4E09-8471-7C8012F1B100}.Development|x64.ActiveCfg = Debug|x64
		{22BA05B8-59D7-4E09-8471-7C8012F1B100}.Development|x64.Build.0 = Debug|x64
		{22BA05B8-59D7-4E09-8471-7C8012F1B100}.Development|x86.ActiveCfg = Debug|Any CPU
		{22BA05B8-59D7-4E09-8471-7C8012F1B100}.Development|x86.Build.0 = Debug|Any CPU
		{22BA05B8-59D7-4E09-8471-7C8012F1B100}.Release|Any CPU.ActiveCfg = Release|Any CPU
		{22BA05B8-59D7-4E09-8471-7C8012F1B100}.Release|Any CPU.Build.0 = Release|Any CPU
		{22BA05B8-59D7-4E09-8471-7C8012F1B100}.Release|Mixed Platforms.ActiveCfg = Release|Any CPU
		{22BA05B8-59D7-4E09-8471-7C8012F1B100}.Release|Mixed Platforms.Build.0 = Release|Any CPU
		{22BA05B8-59D7-4E09-8471-7C8012F1B100}.Release|x64.ActiveCfg = Release|x64
		{22BA05B8-59D7-4E09-8471-7C8012F1B100}.Release|x64.Build.0 = Release|x64
		{22BA05B8-59D7-4E09-8471-7C8012F1B100}.Release|x86.ActiveCfg = Release|Any CPU
		{1B8AD873-6B0A-45D6-803E-E6CC104BCE81}.Debug|Any CPU.ActiveCfg = Debug|Any CPU
		{1B8AD873-6B0A-45D6-803E-E6CC104BCE81}.Debug|Any CPU.Build.0 = Debug|Any CPU
		{1B8AD873-6B0A-45D6-803E-E6CC104BCE81}.Debug|Mixed Platforms.ActiveCfg = Debug|Any CPU
		{1B8AD873-6B0A-45D6-803E-E6CC104BCE81}.Debug|Mixed Platforms.Build.0 = Debug|Any CPU
		{1B8AD873-6B0A-45D6-803E-E6CC104BCE81}.Debug|x64.ActiveCfg = Debug|x64
		{1B8AD873-6B0A-45D6-803E-E6CC104BCE81}.Debug|x64.Build.0 = Debug|x64
		{1B8AD873-6B0A-45D6-803E-E6CC104BCE81}.Debug|x86.ActiveCfg = Debug|Any CPU
		{1B8AD873-6B0A-45D6-803E-E6CC104BCE81}.Development|Any CPU.ActiveCfg = Debug|Any CPU
		{1B8AD873-6B0A-45D6-803E-E6CC104BCE81}.Development|Any CPU.Build.0 = Debug|Any CPU
		{1B8AD873-6B0A-45D6-803E-E6CC104BCE81}.Development|Mixed Platforms.ActiveCfg = Debug|Any CPU
		{1B8AD873-6B0A-45D6-803E-E6CC104BCE81}.Development|Mixed Platforms.Build.0 = Debug|Any CPU
		{1B8AD873-6B0A-45D6-803E-E6CC104BCE81}.Development|x64.ActiveCfg = Debug|x64
		{1B8AD873-6B0A-45D6-803E-E6CC104BCE81}.Development|x64.Build.0 = Debug|x64
		{1B8AD873-6B0A-45D6-803E-E6CC104BCE81}.Development|x86.ActiveCfg = Debug|Any CPU
		{1B8AD873-6B0A-45D6-803E-E6CC104BCE81}.Development|x86.Build.0 = Debug|Any CPU
		{1B8AD873-6B0A-45D6-803E-E6CC104BCE81}.Release|Any CPU.ActiveCfg = Release|Any CPU
		{1B8AD873-6B0A-45D6-803E-E6CC104BCE81}.Release|Any CPU.Build.0 = Release|Any CPU
		{1B8AD873-6B0A-45D6-803E-E6CC104BCE81}.Release|Mixed Platforms.ActiveCfg = Release|Any CPU
		{1B8AD873-6B0A-45D6-803E-E6CC104BCE81}.Release|Mixed Platforms.Build.0 = Release|Any CPU
		{1B8AD873-6B0A-45D6-803E-E6CC104BCE81}.Release|x64.ActiveCfg = Release|x64
		{1B8AD873-6B0A-45D6-803E-E6CC104BCE81}.Release|x64.Build.0 = Release|x64
		{1B8AD873-6B0A-45D6-803E-E6CC104BCE81}.Release|x86.ActiveCfg = Release|Any CPU
		{A4B2AB32-5D8E-4AE9-8350-CB75759A9B11}.Debug|Any CPU.ActiveCfg = Debug|Any CPU
		{A4B2AB32-5D8E-4AE9-8350-CB75759A9B11}.Debug|Any CPU.Build.0 = Debug|Any CPU
		{A4B2AB32-5D8E-4AE9-8350-CB75759A9B11}.Debug|Mixed Platforms.ActiveCfg = Debug|Any CPU
		{A4B2AB32-5D8E-4AE9-8350-CB75759A9B11}.Debug|Mixed Platforms.Build.0 = Debug|Any CPU
		{A4B2AB32-5D8E-4AE9-8350-CB75759A9B11}.Debug|x64.ActiveCfg = Debug|x64
		{A4B2AB32-5D8E-4AE9-8350-CB75759A9B11}.Debug|x64.Build.0 = Debug|x64
		{A4B2AB32-5D8E-4AE9-8350-CB75759A9B11}.Debug|x86.ActiveCfg = Debug|Any CPU
		{A4B2AB32-5D8E-4AE9-8350-CB75759A9B11}.Development|Any CPU.ActiveCfg = Debug|Any CPU
		{A4B2AB32-5D8E-4AE9-8350-CB75759A9B11}.Development|Any CPU.Build.0 = Debug|Any CPU
		{A4B2AB32-5D8E-4AE9-8350-CB75759A9B11}.Development|Mixed Platforms.ActiveCfg = Debug|Any CPU
		{A4B2AB32-5D8E-4AE9-8350-CB75759A9B11}.Development|Mixed Platforms.Build.0 = Debug|Any CPU
		{A4B2AB32-5D8E-4AE9-8350-CB75759A9B11}.Development|x64.ActiveCfg = Debug|x64
		{A4B2AB32-5D8E-4AE9-8350-CB75759A9B11}.Development|x64.Build.0 = Debug|x64
		{A4B2AB32-5D8E-4AE9-8350-CB75759A9B11}.Development|x86.ActiveCfg = Debug|Any CPU
		{A4B2AB32-5D8E-4AE9-8350-CB75759A9B11}.Development|x86.Build.0 = Debug|Any CPU
		{A4B2AB32-5D8E-4AE9-8350-CB75759A9B11}.Release|Any CPU.ActiveCfg = Release|Any CPU
		{A4B2AB32-5D8E-4AE9-8350-CB75759A9B11}.Release|Any CPU.Build.0 = Release|Any CPU
		{A4B2AB32-5D8E-4AE9-8350-CB75759A9B11}.Release|Mixed Platforms.ActiveCfg = Release|Any CPU
		{A4B2AB32-5D8E-4AE9-8350-CB75759A9B11}.Release|Mixed Platforms.Build.0 = Release|Any CPU
		{A4B2AB32-5D8E-4AE9-8350-CB75759A9B11}.Release|x64.ActiveCfg = Release|x64
		{A4B2AB32-5D8E-4AE9-8350-CB75759A9B11}.Release|x64.Build.0 = Release|x64
		{A4B2AB32-5D8E-4AE9-8350-CB75759A9B11}.Release|x86.ActiveCfg = Release|Any CPU
		{58D334DC-CEC5-4D6F-BB01-73E13FECAB63}.Debug|Any CPU.ActiveCfg = Debug|Any CPU
		{58D334DC-CEC5-4D6F-BB01-73E13FECAB63}.Debug|Any CPU.Build.0 = Debug|Any CPU
		{58D334DC-CEC5-4D6F-BB01-73E13FECAB63}.Debug|Mixed Platforms.ActiveCfg = Debug|x86
		{58D334DC-CEC5-4D6F-BB01-73E13FECAB63}.Debug|Mixed Platforms.Build.0 = Debug|x86
		{58D334DC-CEC5-4D6F-BB01-73E13FECAB63}.Debug|x64.ActiveCfg = Debug|x64
		{58D334DC-CEC5-4D6F-BB01-73E13FECAB63}.Debug|x64.Build.0 = Debug|x64
		{58D334DC-CEC5-4D6F-BB01-73E13FECAB63}.Debug|x86.ActiveCfg = Debug|x86
		{58D334DC-CEC5-4D6F-BB01-73E13FECAB63}.Debug|x86.Build.0 = Debug|x86
		{58D334DC-CEC5-4D6F-BB01-73E13FECAB63}.Development|Any CPU.ActiveCfg = Debug|Any CPU
		{58D334DC-CEC5-4D6F-BB01-73E13FECAB63}.Development|Any CPU.Build.0 = Debug|Any CPU
		{58D334DC-CEC5-4D6F-BB01-73E13FECAB63}.Development|Mixed Platforms.ActiveCfg = Debug|x86
		{58D334DC-CEC5-4D6F-BB01-73E13FECAB63}.Development|Mixed Platforms.Build.0 = Debug|x86
		{58D334DC-CEC5-4D6F-BB01-73E13FECAB63}.Development|x64.ActiveCfg = Debug|x64
		{58D334DC-CEC5-4D6F-BB01-73E13FECAB63}.Development|x64.Build.0 = Debug|x64
		{58D334DC-CEC5-4D6F-BB01-73E13FECAB63}.Development|x86.ActiveCfg = Debug|x86
		{58D334DC-CEC5-4D6F-BB01-73E13FECAB63}.Development|x86.Build.0 = Debug|x86
		{58D334DC-CEC5-4D6F-BB01-73E13FECAB63}.Release|Any CPU.ActiveCfg = Release|Any CPU
		{58D334DC-CEC5-4D6F-BB01-73E13FECAB63}.Release|Any CPU.Build.0 = Release|Any CPU
		{58D334DC-CEC5-4D6F-BB01-73E13FECAB63}.Release|Mixed Platforms.ActiveCfg = Release|x86
		{58D334DC-CEC5-4D6F-BB01-73E13FECAB63}.Release|Mixed Platforms.Build.0 = Release|x86
		{58D334DC-CEC5-4D6F-BB01-73E13FECAB63}.Release|x64.ActiveCfg = Release|x64
		{58D334DC-CEC5-4D6F-BB01-73E13FECAB63}.Release|x64.Build.0 = Release|x64
		{58D334DC-CEC5-4D6F-BB01-73E13FECAB63}.Release|x86.ActiveCfg = Release|x86
		{58D334DC-CEC5-4D6F-BB01-73E13FECAB63}.Release|x86.Build.0 = Release|x86
		{7CAAD278-4001-4CE7-8F16-6573892D12E9}.Debug|Any CPU.ActiveCfg = Debug|Any CPU
		{7CAAD278-4001-4CE7-8F16-6573892D12E9}.Debug|Any CPU.Build.0 = Debug|Any CPU
		{7CAAD278-4001-4CE7-8F16-6573892D12E9}.Debug|Mixed Platforms.ActiveCfg = Debug|x86
		{7CAAD278-4001-4CE7-8F16-6573892D12E9}.Debug|Mixed Platforms.Build.0 = Debug|x86
		{7CAAD278-4001-4CE7-8F16-6573892D12E9}.Debug|x64.ActiveCfg = Debug|x64
		{7CAAD278-4001-4CE7-8F16-6573892D12E9}.Debug|x64.Build.0 = Debug|x64
		{7CAAD278-4001-4CE7-8F16-6573892D12E9}.Debug|x86.ActiveCfg = Debug|x86
		{7CAAD278-4001-4CE7-8F16-6573892D12E9}.Debug|x86.Build.0 = Debug|x86
		{7CAAD278-4001-4CE7-8F16-6573892D12E9}.Development|Any CPU.ActiveCfg = Debug|Any CPU
		{7CAAD278-4001-4CE7-8F16-6573892D12E9}.Development|Any CPU.Build.0 = Debug|Any CPU
		{7CAAD278-4001-4CE7-8F16-6573892D12E9}.Development|Mixed Platforms.ActiveCfg = Debug|x86
		{7CAAD278-4001-4CE7-8F16-6573892D12E9}.Development|Mixed Platforms.Build.0 = Debug|x86
		{7CAAD278-4001-4CE7-8F16-6573892D12E9}.Development|x64.ActiveCfg = Debug|x64
		{7CAAD278-4001-4CE7-8F16-6573892D12E9}.Development|x64.Build.0 = Debug|x64
		{7CAAD278-4001-4CE7-8F16-6573892D12E9}.Development|x86.ActiveCfg = Debug|x86
		{7CAAD278-4001-4CE7-8F16-6573892D12E9}.Development|x86.Build.0 = Debug|x86
		{7CAAD278-4001-4CE7-8F16-6573892D12E9}.Release|Any CPU.ActiveCfg = Release|Any CPU
		{7CAAD278-4001-4CE7-8F16-6573892D12E9}.Release|Any CPU.Build.0 = Release|Any CPU
		{7CAAD278-4001-4CE7-8F16-6573892D12E9}.Release|Mixed Platforms.ActiveCfg = Release|x86
		{7CAAD278-4001-4CE7-8F16-6573892D12E9}.Release|Mixed Platforms.Build.0 = Release|x86
		{7CAAD278-4001-4CE7-8F16-6573892D12E9}.Release|x64.ActiveCfg = Release|x64
		{7CAAD278-4001-4CE7-8F16-6573892D12E9}.Release|x64.Build.0 = Release|x64
		{7CAAD278-4001-4CE7-8F16-6573892D12E9}.Release|x86.ActiveCfg = Release|x86
		{7CAAD278-4001-4CE7-8F16-6573892D12E9}.Release|x86.Build.0 = Release|x86
		{86D34513-7E1D-4DD1-AB22-6A2AC809EA93}.Debug|Any CPU.ActiveCfg = Debug|Any CPU
		{86D34513-7E1D-4DD1-AB22-6A2AC809EA93}.Debug|Any CPU.Build.0 = Debug|Any CPU
		{86D34513-7E1D-4DD1-AB22-6A2AC809EA93}.Debug|Mixed Platforms.ActiveCfg = Debug|x86
		{86D34513-7E1D-4DD1-AB22-6A2AC809EA93}.Debug|Mixed Platforms.Build.0 = Debug|x86
		{86D34513-7E1D-4DD1-AB22-6A2AC809EA93}.Debug|x64.ActiveCfg = Debug|x64
		{86D34513-7E1D-4DD1-AB22-6A2AC809EA93}.Debug|x64.Build.0 = Debug|x64
		{86D34513-7E1D-4DD1-AB22-6A2AC809EA93}.Debug|x86.ActiveCfg = Debug|x86
		{86D34513-7E1D-4DD1-AB22-6A2AC809EA93}.Debug|x86.Build.0 = Debug|x86
		{86D34513-7E1D-4DD1-AB22-6A2AC809EA93}.Development|Any CPU.ActiveCfg = Debug|Any CPU
		{86D34513-7E1D-4DD1-AB22-6A2AC809EA93}.Development|Any CPU.Build.0 = Debug|Any CPU
		{86D34513-7E1D-4DD1-AB22-6A2AC809EA93}.Development|Mixed Platforms.ActiveCfg = Debug|x86
		{86D34513-7E1D-4DD1-AB22-6A2AC809EA93}.Development|Mixed Platforms.Build.0 = Debug|x86
		{86D34513-7E1D-4DD1-AB22-6A2AC809EA93}.Development|x64.ActiveCfg = Debug|x64
		{86D34513-7E1D-4DD1-AB22-6A2AC809EA93}.Development|x64.Build.0 = Debug|x64
		{86D34513-7E1D-4DD1-AB22-6A2AC809EA93}.Development|x86.ActiveCfg = Debug|x86
		{86D34513-7E1D-4DD1-AB22-6A2AC809EA93}.Development|x86.Build.0 = Debug|x86
		{86D34513-7E1D-4DD1-AB22-6A2AC809EA93}.Release|Any CPU.ActiveCfg = Release|Any CPU
		{86D34513-7E1D-4DD1-AB22-6A2AC809EA93}.Release|Any CPU.Build.0 = Release|Any CPU
		{86D34513-7E1D-4DD1-AB22-6A2AC809EA93}.Release|Mixed Platforms.ActiveCfg = Release|x86
		{86D34513-7E1D-4DD1-AB22-6A2AC809EA93}.Release|Mixed Platforms.Build.0 = Release|x86
		{86D34513-7E1D-4DD1-AB22-6A2AC809EA93}.Release|x64.ActiveCfg = Release|x64
		{86D34513-7E1D-4DD1-AB22-6A2AC809EA93}.Release|x64.Build.0 = Release|x64
		{86D34513-7E1D-4DD1-AB22-6A2AC809EA93}.Release|x86.ActiveCfg = Release|x86
		{86D34513-7E1D-4DD1-AB22-6A2AC809EA93}.Release|x86.Build.0 = Release|x86
		{C506BD2C-FCB7-49E2-9759-661573B1C60A}.Debug|Any CPU.ActiveCfg = Debug|Any CPU
		{C506BD2C-FCB7-49E2-9759-661573B1C60A}.Debug|Any CPU.Build.0 = Debug|Any CPU
		{C506BD2C-FCB7-49E2-9759-661573B1C60A}.Debug|Mixed Platforms.ActiveCfg = Debug|Any CPU
		{C506BD2C-FCB7-49E2-9759-661573B1C60A}.Debug|Mixed Platforms.Build.0 = Debug|Any CPU
		{C506BD2C-FCB7-49E2-9759-661573B1C60A}.Debug|x64.ActiveCfg = Debug|x64
		{C506BD2C-FCB7-49E2-9759-661573B1C60A}.Debug|x64.Build.0 = Debug|x64
		{C506BD2C-FCB7-49E2-9759-661573B1C60A}.Debug|x86.ActiveCfg = Debug|Any CPU
		{C506BD2C-FCB7-49E2-9759-661573B1C60A}.Development|Any CPU.ActiveCfg = Debug|Any CPU
		{C506BD2C-FCB7-49E2-9759-661573B1C60A}.Development|Any CPU.Build.0 = Debug|Any CPU
		{C506BD2C-FCB7-49E2-9759-661573B1C60A}.Development|Mixed Platforms.ActiveCfg = Debug|Any CPU
		{C506BD2C-FCB7-49E2-9759-661573B1C60A}.Development|Mixed Platforms.Build.0 = Debug|Any CPU
		{C506BD2C-FCB7-49E2-9759-661573B1C60A}.Development|x64.ActiveCfg = Debug|x64
		{C506BD2C-FCB7-49E2-9759-661573B1C60A}.Development|x64.Build.0 = Debug|x64
		{C506BD2C-FCB7-49E2-9759-661573B1C60A}.Development|x86.ActiveCfg = Debug|Any CPU
		{C506BD2C-FCB7-49E2-9759-661573B1C60A}.Development|x86.Build.0 = Debug|Any CPU
		{C506BD2C-FCB7-49E2-9759-661573B1C60A}.Release|Any CPU.ActiveCfg = Release|Any CPU
		{C506BD2C-FCB7-49E2-9759-661573B1C60A}.Release|Any CPU.Build.0 = Release|Any CPU
		{C506BD2C-FCB7-49E2-9759-661573B1C60A}.Release|Mixed Platforms.ActiveCfg = Release|Any CPU
		{C506BD2C-FCB7-49E2-9759-661573B1C60A}.Release|Mixed Platforms.Build.0 = Release|Any CPU
		{C506BD2C-FCB7-49E2-9759-661573B1C60A}.Release|x64.ActiveCfg = Release|x64
		{C506BD2C-FCB7-49E2-9759-661573B1C60A}.Release|x64.Build.0 = Release|x64
		{C506BD2C-FCB7-49E2-9759-661573B1C60A}.Release|x86.ActiveCfg = Release|Any CPU
		{3511148B-317B-4B99-873A-9B328B771410}.Debug|Any CPU.ActiveCfg = Debug|Any CPU
		{3511148B-317B-4B99-873A-9B328B771410}.Debug|Any CPU.Build.0 = Debug|Any CPU
		{3511148B-317B-4B99-873A-9B328B771410}.Debug|Mixed Platforms.ActiveCfg = Debug|Any CPU
		{3511148B-317B-4B99-873A-9B328B771410}.Debug|Mixed Platforms.Build.0 = Debug|Any CPU
		{3511148B-317B-4B99-873A-9B328B771410}.Debug|x64.ActiveCfg = Debug|x64
		{3511148B-317B-4B99-873A-9B328B771410}.Debug|x64.Build.0 = Debug|x64
		{3511148B-317B-4B99-873A-9B328B771410}.Debug|x86.ActiveCfg = Debug|Any CPU
		{3511148B-317B-4B99-873A-9B328B771410}.Debug|x86.Build.0 = Debug|Any CPU
		{3511148B-317B-4B99-873A-9B328B771410}.Development|Any CPU.ActiveCfg = Debug|Any CPU
		{3511148B-317B-4B99-873A-9B328B771410}.Development|Any CPU.Build.0 = Debug|Any CPU
		{3511148B-317B-4B99-873A-9B328B771410}.Development|Mixed Platforms.ActiveCfg = Debug|Any CPU
		{3511148B-317B-4B99-873A-9B328B771410}.Development|Mixed Platforms.Build.0 = Debug|Any CPU
		{3511148B-317B-4B99-873A-9B328B771410}.Development|x64.ActiveCfg = Debug|x64
		{3511148B-317B-4B99-873A-9B328B771410}.Development|x64.Build.0 = Debug|x64
		{3511148B-317B-4B99-873A-9B328B771410}.Development|x86.ActiveCfg = Debug|Any CPU
		{3511148B-317B-4B99-873A-9B328B771410}.Development|x86.Build.0 = Debug|Any CPU
		{3511148B-317B-4B99-873A-9B328B771410}.Release|Any CPU.ActiveCfg = Release|Any CPU
		{3511148B-317B-4B99-873A-9B328B771410}.Release|Any CPU.Build.0 = Release|Any CPU
		{3511148B-317B-4B99-873A-9B328B771410}.Release|Mixed Platforms.ActiveCfg = Release|Any CPU
		{3511148B-317B-4B99-873A-9B328B771410}.Release|Mixed Platforms.Build.0 = Release|Any CPU
		{3511148B-317B-4B99-873A-9B328B771410}.Release|x64.ActiveCfg = Release|x64
		{3511148B-317B-4B99-873A-9B328B771410}.Release|x64.Build.0 = Release|x64
		{3511148B-317B-4B99-873A-9B328B771410}.Release|x86.ActiveCfg = Release|Any CPU
		{3511148B-317B-4B99-873A-9B328B771410}.Release|x86.Build.0 = Release|Any CPU
		{548E02A9-7130-4A82-8701-8E87F5A05656}.Debug|Any CPU.ActiveCfg = Debug|Any CPU
		{548E02A9-7130-4A82-8701-8E87F5A05656}.Debug|Any CPU.Build.0 = Debug|Any CPU
		{548E02A9-7130-4A82-8701-8E87F5A05656}.Debug|Mixed Platforms.ActiveCfg = Debug|Any CPU
		{548E02A9-7130-4A82-8701-8E87F5A05656}.Debug|Mixed Platforms.Build.0 = Debug|Any CPU
		{548E02A9-7130-4A82-8701-8E87F5A05656}.Debug|x64.ActiveCfg = Debug|x64
		{548E02A9-7130-4A82-8701-8E87F5A05656}.Debug|x64.Build.0 = Debug|x64
		{548E02A9-7130-4A82-8701-8E87F5A05656}.Debug|x86.ActiveCfg = Debug|Any CPU
		{548E02A9-7130-4A82-8701-8E87F5A05656}.Debug|x86.Build.0 = Debug|Any CPU
		{548E02A9-7130-4A82-8701-8E87F5A05656}.Development|Any CPU.ActiveCfg = Debug|Any CPU
		{548E02A9-7130-4A82-8701-8E87F5A05656}.Development|Any CPU.Build.0 = Debug|Any CPU
		{548E02A9-7130-4A82-8701-8E87F5A05656}.Development|Mixed Platforms.ActiveCfg = Debug|Any CPU
		{548E02A9-7130-4A82-8701-8E87F5A05656}.Development|Mixed Platforms.Build.0 = Debug|Any CPU
		{548E02A9-7130-4A82-8701-8E87F5A05656}.Development|x64.ActiveCfg = Debug|x64
		{548E02A9-7130-4A82-8701-8E87F5A05656}.Development|x64.Build.0 = Debug|x64
		{548E02A9-7130-4A82-8701-8E87F5A05656}.Development|x86.ActiveCfg = Debug|Any CPU
		{548E02A9-7130-4A82-8701-8E87F5A05656}.Development|x86.Build.0 = Debug|Any CPU
		{548E02A9-7130-4A82-8701-8E87F5A05656}.Release|Any CPU.ActiveCfg = Release|Any CPU
		{548E02A9-7130-4A82-8701-8E87F5A05656}.Release|Any CPU.Build.0 = Release|Any CPU
		{548E02A9-7130-4A82-8701-8E87F5A05656}.Release|Mixed Platforms.ActiveCfg = Release|Any CPU
		{548E02A9-7130-4A82-8701-8E87F5A05656}.Release|Mixed Platforms.Build.0 = Release|Any CPU
		{548E02A9-7130-4A82-8701-8E87F5A05656}.Release|x64.ActiveCfg = Release|x64
		{548E02A9-7130-4A82-8701-8E87F5A05656}.Release|x64.Build.0 = Release|x64
		{548E02A9-7130-4A82-8701-8E87F5A05656}.Release|x86.ActiveCfg = Release|Any CPU
		{548E02A9-7130-4A82-8701-8E87F5A05656}.Release|x86.Build.0 = Release|Any CPU
		{D4674406-445B-46FA-8408-7D89D32D37B2}.Debug|Any CPU.ActiveCfg = Debug|Any CPU
		{D4674406-445B-46FA-8408-7D89D32D37B2}.Debug|Any CPU.Build.0 = Debug|Any CPU
		{D4674406-445B-46FA-8408-7D89D32D37B2}.Debug|Mixed Platforms.ActiveCfg = Debug|Any CPU
		{D4674406-445B-46FA-8408-7D89D32D37B2}.Debug|Mixed Platforms.Build.0 = Debug|Any CPU
		{D4674406-445B-46FA-8408-7D89D32D37B2}.Debug|x64.ActiveCfg = Debug|Any CPU
		{D4674406-445B-46FA-8408-7D89D32D37B2}.Debug|x64.Build.0 = Debug|Any CPU
		{D4674406-445B-46FA-8408-7D89D32D37B2}.Debug|x86.ActiveCfg = Debug|Any CPU
		{D4674406-445B-46FA-8408-7D89D32D37B2}.Debug|x86.Build.0 = Debug|Any CPU
		{D4674406-445B-46FA-8408-7D89D32D37B2}.Development|Any CPU.ActiveCfg = Debug|Any CPU
		{D4674406-445B-46FA-8408-7D89D32D37B2}.Development|Any CPU.Build.0 = Debug|Any CPU
		{D4674406-445B-46FA-8408-7D89D32D37B2}.Development|Mixed Platforms.ActiveCfg = Debug|Any CPU
		{D4674406-445B-46FA-8408-7D89D32D37B2}.Development|Mixed Platforms.Build.0 = Debug|Any CPU
		{D4674406-445B-46FA-8408-7D89D32D37B2}.Development|x64.ActiveCfg = Debug|Any CPU
		{D4674406-445B-46FA-8408-7D89D32D37B2}.Development|x64.Build.0 = Debug|Any CPU
		{D4674406-445B-46FA-8408-7D89D32D37B2}.Development|x86.ActiveCfg = Debug|Any CPU
		{D4674406-445B-46FA-8408-7D89D32D37B2}.Development|x86.Build.0 = Debug|Any CPU
		{D4674406-445B-46FA-8408-7D89D32D37B2}.Release|Any CPU.ActiveCfg = Release|Any CPU
		{D4674406-445B-46FA-8408-7D89D32D37B2}.Release|Any CPU.Build.0 = Release|Any CPU
		{D4674406-445B-46FA-8408-7D89D32D37B2}.Release|Mixed Platforms.ActiveCfg = Release|Any CPU
		{D4674406-445B-46FA-8408-7D89D32D37B2}.Release|Mixed Platforms.Build.0 = Release|Any CPU
		{D4674406-445B-46FA-8408-7D89D32D37B2}.Release|x64.ActiveCfg = Release|Any CPU
		{D4674406-445B-46FA-8408-7D89D32D37B2}.Release|x64.Build.0 = Release|Any CPU
		{D4674406-445B-46FA-8408-7D89D32D37B2}.Release|x86.ActiveCfg = Release|Any CPU
		{D4674406-445B-46FA-8408-7D89D32D37B2}.Release|x86.Build.0 = Release|Any CPU
		{79DCF4FA-291F-4A15-A41B-F915938B8536}.Debug|Any CPU.ActiveCfg = Debug|Any CPU
		{79DCF4FA-291F-4A15-A41B-F915938B8536}.Debug|Any CPU.Build.0 = Debug|Any CPU
		{79DCF4FA-291F-4A15-A41B-F915938B8536}.Debug|Mixed Platforms.ActiveCfg = Debug|Any CPU
		{79DCF4FA-291F-4A15-A41B-F915938B8536}.Debug|Mixed Platforms.Build.0 = Debug|Any CPU
		{79DCF4FA-291F-4A15-A41B-F915938B8536}.Debug|x64.ActiveCfg = Debug|Any CPU
		{79DCF4FA-291F-4A15-A41B-F915938B8536}.Debug|x64.Build.0 = Debug|Any CPU
		{79DCF4FA-291F-4A15-A41B-F915938B8536}.Debug|x86.ActiveCfg = Debug|Any CPU
		{79DCF4FA-291F-4A15-A41B-F915938B8536}.Debug|x86.Build.0 = Debug|Any CPU
		{79DCF4FA-291F-4A15-A41B-F915938B8536}.Development|Any CPU.ActiveCfg = Debug|Any CPU
		{79DCF4FA-291F-4A15-A41B-F915938B8536}.Development|Any CPU.Build.0 = Debug|Any CPU
		{79DCF4FA-291F-4A15-A41B-F915938B8536}.Development|Mixed Platforms.ActiveCfg = Debug|Any CPU
		{79DCF4FA-291F-4A15-A41B-F915938B8536}.Development|Mixed Platforms.Build.0 = Debug|Any CPU
		{79DCF4FA-291F-4A15-A41B-F915938B8536}.Development|x64.ActiveCfg = Debug|Any CPU
		{79DCF4FA-291F-4A15-A41B-F915938B8536}.Development|x64.Build.0 = Debug|Any CPU
		{79DCF4FA-291F-4A15-A41B-F915938B8536}.Development|x86.ActiveCfg = Debug|Any CPU
		{79DCF4FA-291F-4A15-A41B-F915938B8536}.Development|x86.Build.0 = Debug|Any CPU
		{79DCF4FA-291F-4A15-A41B-F915938B8536}.Release|Any CPU.ActiveCfg = Release|Any CPU
		{79DCF4FA-291F-4A15-A41B-F915938B8536}.Release|Any CPU.Build.0 = Release|Any CPU
		{79DCF4FA-291F-4A15-A41B-F915938B8536}.Release|Mixed Platforms.ActiveCfg = Release|Any CPU
		{79DCF4FA-291F-4A15-A41B-F915938B8536}.Release|Mixed Platforms.Build.0 = Release|Any CPU
		{79DCF4FA-291F-4A15-A41B-F915938B8536}.Release|x64.ActiveCfg = Release|Any CPU
		{79DCF4FA-291F-4A15-A41B-F915938B8536}.Release|x64.Build.0 = Release|Any CPU
		{79DCF4FA-291F-4A15-A41B-F915938B8536}.Release|x86.ActiveCfg = Release|Any CPU
		{79DCF4FA-291F-4A15-A41B-F915938B8536}.Release|x86.Build.0 = Release|Any CPU
		{06274B88-CF73-4E1F-80B1-1CB73B3930D6}.Debug|Any CPU.ActiveCfg = Debug|Any CPU
		{06274B88-CF73-4E1F-80B1-1CB73B3930D6}.Debug|Any CPU.Build.0 = Debug|Any CPU
		{06274B88-CF73-4E1F-80B1-1CB73B3930D6}.Debug|Mixed Platforms.ActiveCfg = Debug|Any CPU
		{06274B88-CF73-4E1F-80B1-1CB73B3930D6}.Debug|Mixed Platforms.Build.0 = Debug|Any CPU
		{06274B88-CF73-4E1F-80B1-1CB73B3930D6}.Debug|x64.ActiveCfg = Debug|Any CPU
		{06274B88-CF73-4E1F-80B1-1CB73B3930D6}.Debug|x64.Build.0 = Debug|Any CPU
		{06274B88-CF73-4E1F-80B1-1CB73B3930D6}.Debug|x86.ActiveCfg = Debug|Any CPU
		{06274B88-CF73-4E1F-80B1-1CB73B3930D6}.Debug|x86.Build.0 = Debug|Any CPU
		{06274B88-CF73-4E1F-80B1-1CB73B3930D6}.Development|Any CPU.ActiveCfg = Debug|Any CPU
		{06274B88-CF73-4E1F-80B1-1CB73B3930D6}.Development|Any CPU.Build.0 = Debug|Any CPU
		{06274B88-CF73-4E1F-80B1-1CB73B3930D6}.Development|Mixed Platforms.ActiveCfg = Debug|Any CPU
		{06274B88-CF73-4E1F-80B1-1CB73B3930D6}.Development|Mixed Platforms.Build.0 = Debug|Any CPU
		{06274B88-CF73-4E1F-80B1-1CB73B3930D6}.Development|x64.ActiveCfg = Debug|Any CPU
		{06274B88-CF73-4E1F-80B1-1CB73B3930D6}.Development|x64.Build.0 = Debug|Any CPU
		{06274B88-CF73-4E1F-80B1-1CB73B3930D6}.Development|x86.ActiveCfg = Debug|Any CPU
		{06274B88-CF73-4E1F-80B1-1CB73B3930D6}.Development|x86.Build.0 = Debug|Any CPU
		{06274B88-CF73-4E1F-80B1-1CB73B3930D6}.Release|Any CPU.ActiveCfg = Release|Any CPU
		{06274B88-CF73-4E1F-80B1-1CB73B3930D6}.Release|Any CPU.Build.0 = Release|Any CPU
		{06274B88-CF73-4E1F-80B1-1CB73B3930D6}.Release|Mixed Platforms.ActiveCfg = Release|Any CPU
		{06274B88-CF73-4E1F-80B1-1CB73B3930D6}.Release|Mixed Platforms.Build.0 = Release|Any CPU
		{06274B88-CF73-4E1F-80B1-1CB73B3930D6}.Release|x64.ActiveCfg = Release|Any CPU
		{06274B88-CF73-4E1F-80B1-1CB73B3930D6}.Release|x64.Build.0 = Release|Any CPU
		{06274B88-CF73-4E1F-80B1-1CB73B3930D6}.Release|x86.ActiveCfg = Release|Any CPU
		{06274B88-CF73-4E1F-80B1-1CB73B3930D6}.Release|x86.Build.0 = Release|Any CPU
		{26083FD7-642B-4F53-BAB3-1C8F0AC8EABF}.Debug|Any CPU.ActiveCfg = Debug|Any CPU
		{26083FD7-642B-4F53-BAB3-1C8F0AC8EABF}.Debug|Any CPU.Build.0 = Debug|Any CPU
		{26083FD7-642B-4F53-BAB3-1C8F0AC8EABF}.Debug|Mixed Platforms.ActiveCfg = Debug|x86
		{26083FD7-642B-4F53-BAB3-1C8F0AC8EABF}.Debug|Mixed Platforms.Build.0 = Debug|x86
		{26083FD7-642B-4F53-BAB3-1C8F0AC8EABF}.Debug|x64.ActiveCfg = Debug|Any CPU
		{26083FD7-642B-4F53-BAB3-1C8F0AC8EABF}.Debug|x64.Build.0 = Debug|Any CPU
		{26083FD7-642B-4F53-BAB3-1C8F0AC8EABF}.Debug|x86.ActiveCfg = Debug|Any CPU
		{26083FD7-642B-4F53-BAB3-1C8F0AC8EABF}.Debug|x86.Build.0 = Debug|Any CPU
		{26083FD7-642B-4F53-BAB3-1C8F0AC8EABF}.Development|Any CPU.ActiveCfg = Debug|Any CPU
		{26083FD7-642B-4F53-BAB3-1C8F0AC8EABF}.Development|Any CPU.Build.0 = Debug|Any CPU
		{26083FD7-642B-4F53-BAB3-1C8F0AC8EABF}.Development|Mixed Platforms.ActiveCfg = Debug|Any CPU
		{26083FD7-642B-4F53-BAB3-1C8F0AC8EABF}.Development|Mixed Platforms.Build.0 = Debug|Any CPU
		{26083FD7-642B-4F53-BAB3-1C8F0AC8EABF}.Development|x64.ActiveCfg = Debug|Any CPU
		{26083FD7-642B-4F53-BAB3-1C8F0AC8EABF}.Development|x64.Build.0 = Debug|Any CPU
		{26083FD7-642B-4F53-BAB3-1C8F0AC8EABF}.Development|x86.ActiveCfg = Debug|Any CPU
		{26083FD7-642B-4F53-BAB3-1C8F0AC8EABF}.Development|x86.Build.0 = Debug|Any CPU
		{26083FD7-642B-4F53-BAB3-1C8F0AC8EABF}.Release|Any CPU.ActiveCfg = Release|Any CPU
		{26083FD7-642B-4F53-BAB3-1C8F0AC8EABF}.Release|Any CPU.Build.0 = Release|Any CPU
		{26083FD7-642B-4F53-BAB3-1C8F0AC8EABF}.Release|Mixed Platforms.ActiveCfg = Release|Any CPU
		{26083FD7-642B-4F53-BAB3-1C8F0AC8EABF}.Release|Mixed Platforms.Build.0 = Release|Any CPU
		{26083FD7-642B-4F53-BAB3-1C8F0AC8EABF}.Release|x64.ActiveCfg = Release|Any CPU
		{26083FD7-642B-4F53-BAB3-1C8F0AC8EABF}.Release|x64.Build.0 = Release|Any CPU
		{26083FD7-642B-4F53-BAB3-1C8F0AC8EABF}.Release|x86.ActiveCfg = Release|Any CPU
		{26083FD7-642B-4F53-BAB3-1C8F0AC8EABF}.Release|x86.Build.0 = Release|Any CPU
		{75EF9713-861A-4C6B-8F7F-1343FDCBBFFB}.Debug|Any CPU.ActiveCfg = Debug|Any CPU
		{75EF9713-861A-4C6B-8F7F-1343FDCBBFFB}.Debug|Any CPU.Build.0 = Debug|Any CPU
		{75EF9713-861A-4C6B-8F7F-1343FDCBBFFB}.Debug|Mixed Platforms.ActiveCfg = Debug|Any CPU
		{75EF9713-861A-4C6B-8F7F-1343FDCBBFFB}.Debug|Mixed Platforms.Build.0 = Debug|Any CPU
		{75EF9713-861A-4C6B-8F7F-1343FDCBBFFB}.Debug|x64.ActiveCfg = Debug|Any CPU
		{75EF9713-861A-4C6B-8F7F-1343FDCBBFFB}.Debug|x64.Build.0 = Debug|Any CPU
		{75EF9713-861A-4C6B-8F7F-1343FDCBBFFB}.Debug|x86.ActiveCfg = Debug|Any CPU
		{75EF9713-861A-4C6B-8F7F-1343FDCBBFFB}.Debug|x86.Build.0 = Debug|Any CPU
		{75EF9713-861A-4C6B-8F7F-1343FDCBBFFB}.Development|Any CPU.ActiveCfg = Debug|Any CPU
		{75EF9713-861A-4C6B-8F7F-1343FDCBBFFB}.Development|Any CPU.Build.0 = Debug|Any CPU
		{75EF9713-861A-4C6B-8F7F-1343FDCBBFFB}.Development|Mixed Platforms.ActiveCfg = Debug|Any CPU
		{75EF9713-861A-4C6B-8F7F-1343FDCBBFFB}.Development|Mixed Platforms.Build.0 = Debug|Any CPU
		{75EF9713-861A-4C6B-8F7F-1343FDCBBFFB}.Development|x64.ActiveCfg = Debug|Any CPU
		{75EF9713-861A-4C6B-8F7F-1343FDCBBFFB}.Development|x64.Build.0 = Debug|Any CPU
		{75EF9713-861A-4C6B-8F7F-1343FDCBBFFB}.Development|x86.ActiveCfg = Debug|Any CPU
		{75EF9713-861A-4C6B-8F7F-1343FDCBBFFB}.Development|x86.Build.0 = Debug|Any CPU
		{75EF9713-861A-4C6B-8F7F-1343FDCBBFFB}.Release|Any CPU.ActiveCfg = Release|Any CPU
		{75EF9713-861A-4C6B-8F7F-1343FDCBBFFB}.Release|Any CPU.Build.0 = Release|Any CPU
		{75EF9713-861A-4C6B-8F7F-1343FDCBBFFB}.Release|Mixed Platforms.ActiveCfg = Release|Any CPU
		{75EF9713-861A-4C6B-8F7F-1343FDCBBFFB}.Release|Mixed Platforms.Build.0 = Release|Any CPU
		{75EF9713-861A-4C6B-8F7F-1343FDCBBFFB}.Release|x64.ActiveCfg = Release|Any CPU
		{75EF9713-861A-4C6B-8F7F-1343FDCBBFFB}.Release|x64.Build.0 = Release|Any CPU
		{75EF9713-861A-4C6B-8F7F-1343FDCBBFFB}.Release|x86.ActiveCfg = Release|Any CPU
		{75EF9713-861A-4C6B-8F7F-1343FDCBBFFB}.Release|x86.Build.0 = Release|Any CPU
		{DD62C276-E6C2-4C5A-B752-F31A83C039E4}.Debug|Any CPU.ActiveCfg = Debug|Any CPU
		{DD62C276-E6C2-4C5A-B752-F31A83C039E4}.Debug|Any CPU.Build.0 = Debug|Any CPU
		{DD62C276-E6C2-4C5A-B752-F31A83C039E4}.Debug|Mixed Platforms.ActiveCfg = Debug|Any CPU
		{DD62C276-E6C2-4C5A-B752-F31A83C039E4}.Debug|Mixed Platforms.Build.0 = Debug|Any CPU
		{DD62C276-E6C2-4C5A-B752-F31A83C039E4}.Debug|x64.ActiveCfg = Debug|Any CPU
		{DD62C276-E6C2-4C5A-B752-F31A83C039E4}.Debug|x64.Build.0 = Debug|Any CPU
		{DD62C276-E6C2-4C5A-B752-F31A83C039E4}.Debug|x86.ActiveCfg = Debug|Any CPU
		{DD62C276-E6C2-4C5A-B752-F31A83C039E4}.Debug|x86.Build.0 = Debug|Any CPU
		{DD62C276-E6C2-4C5A-B752-F31A83C039E4}.Development|Any CPU.ActiveCfg = Debug|Any CPU
		{DD62C276-E6C2-4C5A-B752-F31A83C039E4}.Development|Any CPU.Build.0 = Debug|Any CPU
		{DD62C276-E6C2-4C5A-B752-F31A83C039E4}.Development|Mixed Platforms.ActiveCfg = Debug|Any CPU
		{DD62C276-E6C2-4C5A-B752-F31A83C039E4}.Development|Mixed Platforms.Build.0 = Debug|Any CPU
		{DD62C276-E6C2-4C5A-B752-F31A83C039E4}.Development|x64.ActiveCfg = Debug|Any CPU
		{DD62C276-E6C2-4C5A-B752-F31A83C039E4}.Development|x64.Build.0 = Debug|Any CPU
		{DD62C276-E6C2-4C5A-B752-F31A83C039E4}.Development|x86.ActiveCfg = Debug|Any CPU
		{DD62C276-E6C2-4C5A-B752-F31A83C039E4}.Development|x86.Build.0 = Debug|Any CPU
		{DD62C276-E6C2-4C5A-B752-F31A83C039E4}.Release|Any CPU.ActiveCfg = Release|Any CPU
		{DD62C276-E6C2-4C5A-B752-F31A83C039E4}.Release|Any CPU.Build.0 = Release|Any CPU
		{DD62C276-E6C2-4C5A-B752-F31A83C039E4}.Release|Mixed Platforms.ActiveCfg = Release|Any CPU
		{DD62C276-E6C2-4C5A-B752-F31A83C039E4}.Release|Mixed Platforms.Build.0 = Release|Any CPU
		{DD62C276-E6C2-4C5A-B752-F31A83C039E4}.Release|x64.ActiveCfg = Release|Any CPU
		{DD62C276-E6C2-4C5A-B752-F31A83C039E4}.Release|x64.Build.0 = Release|Any CPU
		{DD62C276-E6C2-4C5A-B752-F31A83C039E4}.Release|x86.ActiveCfg = Release|Any CPU
		{DD62C276-E6C2-4C5A-B752-F31A83C039E4}.Release|x86.Build.0 = Release|Any CPU
		{F24C813D-011C-4665-A36C-75F4080F0F7B}.Debug|Any CPU.ActiveCfg = Debug|Any CPU
		{F24C813D-011C-4665-A36C-75F4080F0F7B}.Debug|Any CPU.Build.0 = Debug|Any CPU
		{F24C813D-011C-4665-A36C-75F4080F0F7B}.Debug|Mixed Platforms.ActiveCfg = Debug|Any CPU
		{F24C813D-011C-4665-A36C-75F4080F0F7B}.Debug|Mixed Platforms.Build.0 = Debug|Any CPU
		{F24C813D-011C-4665-A36C-75F4080F0F7B}.Debug|x64.ActiveCfg = Debug|Any CPU
		{F24C813D-011C-4665-A36C-75F4080F0F7B}.Debug|x64.Build.0 = Debug|Any CPU
		{F24C813D-011C-4665-A36C-75F4080F0F7B}.Debug|x86.ActiveCfg = Debug|Any CPU
		{F24C813D-011C-4665-A36C-75F4080F0F7B}.Debug|x86.Build.0 = Debug|Any CPU
		{F24C813D-011C-4665-A36C-75F4080F0F7B}.Development|Any CPU.ActiveCfg = Debug|Any CPU
		{F24C813D-011C-4665-A36C-75F4080F0F7B}.Development|Any CPU.Build.0 = Debug|Any CPU
		{F24C813D-011C-4665-A36C-75F4080F0F7B}.Development|Mixed Platforms.ActiveCfg = Debug|Any CPU
		{F24C813D-011C-4665-A36C-75F4080F0F7B}.Development|Mixed Platforms.Build.0 = Debug|Any CPU
		{F24C813D-011C-4665-A36C-75F4080F0F7B}.Development|x64.ActiveCfg = Debug|Any CPU
		{F24C813D-011C-4665-A36C-75F4080F0F7B}.Development|x64.Build.0 = Debug|Any CPU
		{F24C813D-011C-4665-A36C-75F4080F0F7B}.Development|x86.ActiveCfg = Debug|Any CPU
		{F24C813D-011C-4665-A36C-75F4080F0F7B}.Development|x86.Build.0 = Debug|Any CPU
		{F24C813D-011C-4665-A36C-75F4080F0F7B}.Release|Any CPU.ActiveCfg = Release|Any CPU
		{F24C813D-011C-4665-A36C-75F4080F0F7B}.Release|Any CPU.Build.0 = Release|Any CPU
		{F24C813D-011C-4665-A36C-75F4080F0F7B}.Release|Mixed Platforms.ActiveCfg = Release|Any CPU
		{F24C813D-011C-4665-A36C-75F4080F0F7B}.Release|Mixed Platforms.Build.0 = Release|Any CPU
		{F24C813D-011C-4665-A36C-75F4080F0F7B}.Release|x64.ActiveCfg = Release|Any CPU
		{F24C813D-011C-4665-A36C-75F4080F0F7B}.Release|x64.Build.0 = Release|Any CPU
		{F24C813D-011C-4665-A36C-75F4080F0F7B}.Release|x86.ActiveCfg = Release|Any CPU
		{F24C813D-011C-4665-A36C-75F4080F0F7B}.Release|x86.Build.0 = Release|Any CPU
		{546A83D6-ECD2-4FD5-920C-DD9763033FC5}.Debug|Any CPU.ActiveCfg = Debug|Any CPU
		{546A83D6-ECD2-4FD5-920C-DD9763033FC5}.Debug|Any CPU.Build.0 = Debug|Any CPU
		{546A83D6-ECD2-4FD5-920C-DD9763033FC5}.Debug|Mixed Platforms.ActiveCfg = Debug|Any CPU
		{546A83D6-ECD2-4FD5-920C-DD9763033FC5}.Debug|Mixed Platforms.Build.0 = Debug|Any CPU
		{546A83D6-ECD2-4FD5-920C-DD9763033FC5}.Debug|x64.ActiveCfg = Debug|Any CPU
		{546A83D6-ECD2-4FD5-920C-DD9763033FC5}.Debug|x64.Build.0 = Debug|Any CPU
		{546A83D6-ECD2-4FD5-920C-DD9763033FC5}.Debug|x86.ActiveCfg = Debug|Any CPU
		{546A83D6-ECD2-4FD5-920C-DD9763033FC5}.Debug|x86.Build.0 = Debug|Any CPU
		{546A83D6-ECD2-4FD5-920C-DD9763033FC5}.Development|Any CPU.ActiveCfg = Debug|Any CPU
		{546A83D6-ECD2-4FD5-920C-DD9763033FC5}.Development|Any CPU.Build.0 = Debug|Any CPU
		{546A83D6-ECD2-4FD5-920C-DD9763033FC5}.Development|Mixed Platforms.ActiveCfg = Debug|Any CPU
		{546A83D6-ECD2-4FD5-920C-DD9763033FC5}.Development|Mixed Platforms.Build.0 = Debug|Any CPU
		{546A83D6-ECD2-4FD5-920C-DD9763033FC5}.Development|x64.ActiveCfg = Debug|Any CPU
		{546A83D6-ECD2-4FD5-920C-DD9763033FC5}.Development|x64.Build.0 = Debug|Any CPU
		{546A83D6-ECD2-4FD5-920C-DD9763033FC5}.Development|x86.ActiveCfg = Debug|Any CPU
		{546A83D6-ECD2-4FD5-920C-DD9763033FC5}.Development|x86.Build.0 = Debug|Any CPU
		{546A83D6-ECD2-4FD5-920C-DD9763033FC5}.Release|Any CPU.ActiveCfg = Release|Any CPU
		{546A83D6-ECD2-4FD5-920C-DD9763033FC5}.Release|Any CPU.Build.0 = Release|Any CPU
		{546A83D6-ECD2-4FD5-920C-DD9763033FC5}.Release|Mixed Platforms.ActiveCfg = Release|Any CPU
		{546A83D6-ECD2-4FD5-920C-DD9763033FC5}.Release|Mixed Platforms.Build.0 = Release|Any CPU
		{546A83D6-ECD2-4FD5-920C-DD9763033FC5}.Release|x64.ActiveCfg = Release|Any CPU
		{546A83D6-ECD2-4FD5-920C-DD9763033FC5}.Release|x64.Build.0 = Release|Any CPU
		{546A83D6-ECD2-4FD5-920C-DD9763033FC5}.Release|x86.ActiveCfg = Release|Any CPU
		{546A83D6-ECD2-4FD5-920C-DD9763033FC5}.Release|x86.Build.0 = Release|Any CPU
		{EB1B7E0C-FFDC-4088-83F2-EDE0AF24D790}.Debug|Any CPU.ActiveCfg = Debug|Any CPU
		{EB1B7E0C-FFDC-4088-83F2-EDE0AF24D790}.Debug|Any CPU.Build.0 = Debug|Any CPU
		{EB1B7E0C-FFDC-4088-83F2-EDE0AF24D790}.Debug|Mixed Platforms.ActiveCfg = Debug|Any CPU
		{EB1B7E0C-FFDC-4088-83F2-EDE0AF24D790}.Debug|Mixed Platforms.Build.0 = Debug|Any CPU
		{EB1B7E0C-FFDC-4088-83F2-EDE0AF24D790}.Debug|x64.ActiveCfg = Debug|Any CPU
		{EB1B7E0C-FFDC-4088-83F2-EDE0AF24D790}.Debug|x64.Build.0 = Debug|Any CPU
		{EB1B7E0C-FFDC-4088-83F2-EDE0AF24D790}.Debug|x86.ActiveCfg = Debug|Any CPU
		{EB1B7E0C-FFDC-4088-83F2-EDE0AF24D790}.Debug|x86.Build.0 = Debug|Any CPU
		{EB1B7E0C-FFDC-4088-83F2-EDE0AF24D790}.Development|Any CPU.ActiveCfg = Debug|Any CPU
		{EB1B7E0C-FFDC-4088-83F2-EDE0AF24D790}.Development|Any CPU.Build.0 = Debug|Any CPU
		{EB1B7E0C-FFDC-4088-83F2-EDE0AF24D790}.Development|Mixed Platforms.ActiveCfg = Debug|Any CPU
		{EB1B7E0C-FFDC-4088-83F2-EDE0AF24D790}.Development|Mixed Platforms.Build.0 = Debug|Any CPU
		{EB1B7E0C-FFDC-4088-83F2-EDE0AF24D790}.Development|x64.ActiveCfg = Debug|Any CPU
		{EB1B7E0C-FFDC-4088-83F2-EDE0AF24D790}.Development|x64.Build.0 = Debug|Any CPU
		{EB1B7E0C-FFDC-4088-83F2-EDE0AF24D790}.Development|x86.ActiveCfg = Debug|Any CPU
		{EB1B7E0C-FFDC-4088-83F2-EDE0AF24D790}.Development|x86.Build.0 = Debug|Any CPU
		{EB1B7E0C-FFDC-4088-83F2-EDE0AF24D790}.Release|Any CPU.ActiveCfg = Release|Any CPU
		{EB1B7E0C-FFDC-4088-83F2-EDE0AF24D790}.Release|Any CPU.Build.0 = Release|Any CPU
		{EB1B7E0C-FFDC-4088-83F2-EDE0AF24D790}.Release|Mixed Platforms.ActiveCfg = Release|Any CPU
		{EB1B7E0C-FFDC-4088-83F2-EDE0AF24D790}.Release|Mixed Platforms.Build.0 = Release|Any CPU
		{EB1B7E0C-FFDC-4088-83F2-EDE0AF24D790}.Release|x64.ActiveCfg = Release|Any CPU
		{EB1B7E0C-FFDC-4088-83F2-EDE0AF24D790}.Release|x64.Build.0 = Release|Any CPU
		{EB1B7E0C-FFDC-4088-83F2-EDE0AF24D790}.Release|x86.ActiveCfg = Release|Any CPU
		{EB1B7E0C-FFDC-4088-83F2-EDE0AF24D790}.Release|x86.Build.0 = Release|Any CPU
		{87060C34-EE0A-4DCD-BCF1-6A213C4D371E}.Debug|Any CPU.ActiveCfg = Debug|Any CPU
		{87060C34-EE0A-4DCD-BCF1-6A213C4D371E}.Debug|Any CPU.Build.0 = Debug|Any CPU
		{87060C34-EE0A-4DCD-BCF1-6A213C4D371E}.Debug|Mixed Platforms.ActiveCfg = Debug|x86
		{87060C34-EE0A-4DCD-BCF1-6A213C4D371E}.Debug|Mixed Platforms.Build.0 = Debug|x86
		{87060C34-EE0A-4DCD-BCF1-6A213C4D371E}.Debug|x64.ActiveCfg = Debug|x64
		{87060C34-EE0A-4DCD-BCF1-6A213C4D371E}.Debug|x64.Build.0 = Debug|x64
		{87060C34-EE0A-4DCD-BCF1-6A213C4D371E}.Debug|x86.ActiveCfg = Debug|x86
		{87060C34-EE0A-4DCD-BCF1-6A213C4D371E}.Debug|x86.Build.0 = Debug|x86
		{87060C34-EE0A-4DCD-BCF1-6A213C4D371E}.Development|Any CPU.ActiveCfg = Debug|Any CPU
		{87060C34-EE0A-4DCD-BCF1-6A213C4D371E}.Development|Any CPU.Build.0 = Debug|Any CPU
		{87060C34-EE0A-4DCD-BCF1-6A213C4D371E}.Development|Mixed Platforms.ActiveCfg = Debug|x86
		{87060C34-EE0A-4DCD-BCF1-6A213C4D371E}.Development|Mixed Platforms.Build.0 = Debug|x86
		{87060C34-EE0A-4DCD-BCF1-6A213C4D371E}.Development|x64.ActiveCfg = Debug|x64
		{87060C34-EE0A-4DCD-BCF1-6A213C4D371E}.Development|x64.Build.0 = Debug|x64
		{87060C34-EE0A-4DCD-BCF1-6A213C4D371E}.Development|x86.ActiveCfg = Debug|x86
		{87060C34-EE0A-4DCD-BCF1-6A213C4D371E}.Development|x86.Build.0 = Debug|x86
		{87060C34-EE0A-4DCD-BCF1-6A213C4D371E}.Release|Any CPU.ActiveCfg = Release|Any CPU
		{87060C34-EE0A-4DCD-BCF1-6A213C4D371E}.Release|Any CPU.Build.0 = Release|Any CPU
		{87060C34-EE0A-4DCD-BCF1-6A213C4D371E}.Release|Mixed Platforms.ActiveCfg = Release|x86
		{87060C34-EE0A-4DCD-BCF1-6A213C4D371E}.Release|Mixed Platforms.Build.0 = Release|x86
		{87060C34-EE0A-4DCD-BCF1-6A213C4D371E}.Release|x64.ActiveCfg = Release|x64
		{87060C34-EE0A-4DCD-BCF1-6A213C4D371E}.Release|x64.Build.0 = Release|x64
		{87060C34-EE0A-4DCD-BCF1-6A213C4D371E}.Release|x86.ActiveCfg = Release|x86
		{87060C34-EE0A-4DCD-BCF1-6A213C4D371E}.Release|x86.Build.0 = Release|x86
		{61A3B8E0-67EB-4E70-93E1-795468BD4904}.Debug|Any CPU.ActiveCfg = Debug|Any CPU
		{61A3B8E0-67EB-4E70-93E1-795468BD4904}.Debug|Any CPU.Build.0 = Debug|Any CPU
		{61A3B8E0-67EB-4E70-93E1-795468BD4904}.Debug|Mixed Platforms.ActiveCfg = Debug|x86
		{61A3B8E0-67EB-4E70-93E1-795468BD4904}.Debug|Mixed Platforms.Build.0 = Debug|x86
		{61A3B8E0-67EB-4E70-93E1-795468BD4904}.Debug|x64.ActiveCfg = Debug|x64
		{61A3B8E0-67EB-4E70-93E1-795468BD4904}.Debug|x64.Build.0 = Debug|x64
		{61A3B8E0-67EB-4E70-93E1-795468BD4904}.Debug|x86.ActiveCfg = Debug|x86
		{61A3B8E0-67EB-4E70-93E1-795468BD4904}.Debug|x86.Build.0 = Debug|x86
		{61A3B8E0-67EB-4E70-93E1-795468BD4904}.Development|Any CPU.ActiveCfg = Debug|Any CPU
		{61A3B8E0-67EB-4E70-93E1-795468BD4904}.Development|Any CPU.Build.0 = Debug|Any CPU
		{61A3B8E0-67EB-4E70-93E1-795468BD4904}.Development|Mixed Platforms.ActiveCfg = Debug|x86
		{61A3B8E0-67EB-4E70-93E1-795468BD4904}.Development|Mixed Platforms.Build.0 = Debug|x86
		{61A3B8E0-67EB-4E70-93E1-795468BD4904}.Development|x64.ActiveCfg = Debug|x64
		{61A3B8E0-67EB-4E70-93E1-795468BD4904}.Development|x64.Build.0 = Debug|x64
		{61A3B8E0-67EB-4E70-93E1-795468BD4904}.Development|x86.ActiveCfg = Debug|x86
		{61A3B8E0-67EB-4E70-93E1-795468BD4904}.Development|x86.Build.0 = Debug|x86
		{61A3B8E0-67EB-4E70-93E1-795468BD4904}.Release|Any CPU.ActiveCfg = Release|Any CPU
		{61A3B8E0-67EB-4E70-93E1-795468BD4904}.Release|Any CPU.Build.0 = Release|Any CPU
		{61A3B8E0-67EB-4E70-93E1-795468BD4904}.Release|Mixed Platforms.ActiveCfg = Release|x86
		{61A3B8E0-67EB-4E70-93E1-795468BD4904}.Release|Mixed Platforms.Build.0 = Release|x86
		{61A3B8E0-67EB-4E70-93E1-795468BD4904}.Release|x64.ActiveCfg = Release|x64
		{61A3B8E0-67EB-4E70-93E1-795468BD4904}.Release|x64.Build.0 = Release|x64
		{61A3B8E0-67EB-4E70-93E1-795468BD4904}.Release|x86.ActiveCfg = Release|x86
		{61A3B8E0-67EB-4E70-93E1-795468BD4904}.Release|x86.Build.0 = Release|x86
		{6B2D5C51-4F3E-49F8-9F0A-B682A709BE81}.Debug|Any CPU.ActiveCfg = Debug|Any CPU
		{6B2D5C51-4F3E-49F8-9F0A-B682A709BE81}.Debug|Any CPU.Build.0 = Debug|Any CPU
		{6B2D5C51-4F3E-49F8-9F0A-B682A709BE81}.Debug|Mixed Platforms.ActiveCfg = Debug|Any CPU
		{6B2D5C51-4F3E-49F8-9F0A-B682A709BE81}.Debug|Mixed Platforms.Build.0 = Debug|Any CPU
		{6B2D5C51-4F3E-49F8-9F0A-B682A709BE81}.Debug|x64.ActiveCfg = Debug|x64
		{6B2D5C51-4F3E-49F8-9F0A-B682A709BE81}.Debug|x64.Build.0 = Debug|x64
		{6B2D5C51-4F3E-49F8-9F0A-B682A709BE81}.Debug|x86.ActiveCfg = Debug|Any CPU
		{6B2D5C51-4F3E-49F8-9F0A-B682A709BE81}.Debug|x86.Build.0 = Debug|Any CPU
		{6B2D5C51-4F3E-49F8-9F0A-B682A709BE81}.Development|Any CPU.ActiveCfg = Debug|Any CPU
		{6B2D5C51-4F3E-49F8-9F0A-B682A709BE81}.Development|Any CPU.Build.0 = Debug|Any CPU
		{6B2D5C51-4F3E-49F8-9F0A-B682A709BE81}.Development|Mixed Platforms.ActiveCfg = Debug|Any CPU
		{6B2D5C51-4F3E-49F8-9F0A-B682A709BE81}.Development|Mixed Platforms.Build.0 = Debug|Any CPU
		{6B2D5C51-4F3E-49F8-9F0A-B682A709BE81}.Development|x64.ActiveCfg = Debug|x64
		{6B2D5C51-4F3E-49F8-9F0A-B682A709BE81}.Development|x64.Build.0 = Debug|x64
		{6B2D5C51-4F3E-49F8-9F0A-B682A709BE81}.Development|x86.ActiveCfg = Debug|Any CPU
		{6B2D5C51-4F3E-49F8-9F0A-B682A709BE81}.Development|x86.Build.0 = Debug|Any CPU
		{6B2D5C51-4F3E-49F8-9F0A-B682A709BE81}.Release|Any CPU.ActiveCfg = Release|Any CPU
		{6B2D5C51-4F3E-49F8-9F0A-B682A709BE81}.Release|Any CPU.Build.0 = Release|Any CPU
		{6B2D5C51-4F3E-49F8-9F0A-B682A709BE81}.Release|Mixed Platforms.ActiveCfg = Release|Any CPU
		{6B2D5C51-4F3E-49F8-9F0A-B682A709BE81}.Release|Mixed Platforms.Build.0 = Release|Any CPU
		{6B2D5C51-4F3E-49F8-9F0A-B682A709BE81}.Release|x64.ActiveCfg = Release|x64
		{6B2D5C51-4F3E-49F8-9F0A-B682A709BE81}.Release|x64.Build.0 = Release|x64
		{6B2D5C51-4F3E-49F8-9F0A-B682A709BE81}.Release|x86.ActiveCfg = Release|Any CPU
		{6B2D5C51-4F3E-49F8-9F0A-B682A709BE81}.Release|x86.Build.0 = Release|Any CPU
		{4DB2388A-2AAA-4369-A30D-35EC284164DB}.Debug|Any CPU.ActiveCfg = Debug|Any CPU
		{4DB2388A-2AAA-4369-A30D-35EC284164DB}.Debug|Any CPU.Build.0 = Debug|Any CPU
		{4DB2388A-2AAA-4369-A30D-35EC284164DB}.Debug|Mixed Platforms.ActiveCfg = Debug|Any CPU
		{4DB2388A-2AAA-4369-A30D-35EC284164DB}.Debug|Mixed Platforms.Build.0 = Debug|Any CPU
		{4DB2388A-2AAA-4369-A30D-35EC284164DB}.Debug|x64.ActiveCfg = Debug|Any CPU
		{4DB2388A-2AAA-4369-A30D-35EC284164DB}.Debug|x64.Build.0 = Debug|Any CPU
		{4DB2388A-2AAA-4369-A30D-35EC284164DB}.Debug|x86.ActiveCfg = Debug|Any CPU
		{4DB2388A-2AAA-4369-A30D-35EC284164DB}.Debug|x86.Build.0 = Debug|Any CPU
		{4DB2388A-2AAA-4369-A30D-35EC284164DB}.Development|Any CPU.ActiveCfg = Debug|Any CPU
		{4DB2388A-2AAA-4369-A30D-35EC284164DB}.Development|Any CPU.Build.0 = Debug|Any CPU
		{4DB2388A-2AAA-4369-A30D-35EC284164DB}.Development|Mixed Platforms.ActiveCfg = Debug|Any CPU
		{4DB2388A-2AAA-4369-A30D-35EC284164DB}.Development|Mixed Platforms.Build.0 = Debug|Any CPU
		{4DB2388A-2AAA-4369-A30D-35EC284164DB}.Development|x64.ActiveCfg = Debug|Any CPU
		{4DB2388A-2AAA-4369-A30D-35EC284164DB}.Development|x64.Build.0 = Debug|Any CPU
		{4DB2388A-2AAA-4369-A30D-35EC284164DB}.Development|x86.ActiveCfg = Debug|Any CPU
		{4DB2388A-2AAA-4369-A30D-35EC284164DB}.Development|x86.Build.0 = Debug|Any CPU
		{4DB2388A-2AAA-4369-A30D-35EC284164DB}.Release|Any CPU.ActiveCfg = Release|Any CPU
		{4DB2388A-2AAA-4369-A30D-35EC284164DB}.Release|Any CPU.Build.0 = Release|Any CPU
		{4DB2388A-2AAA-4369-A30D-35EC284164DB}.Release|Mixed Platforms.ActiveCfg = Release|Any CPU
		{4DB2388A-2AAA-4369-A30D-35EC284164DB}.Release|Mixed Platforms.Build.0 = Release|Any CPU
		{4DB2388A-2AAA-4369-A30D-35EC284164DB}.Release|x64.ActiveCfg = Release|Any CPU
		{4DB2388A-2AAA-4369-A30D-35EC284164DB}.Release|x64.Build.0 = Release|Any CPU
		{4DB2388A-2AAA-4369-A30D-35EC284164DB}.Release|x86.ActiveCfg = Release|Any CPU
		{4DB2388A-2AAA-4369-A30D-35EC284164DB}.Release|x86.Build.0 = Release|Any CPU
		{BEB539FB-C093-4333-8828-9F78BB6ADCE7}.Debug|Any CPU.ActiveCfg = Debug|Any CPU
		{BEB539FB-C093-4333-8828-9F78BB6ADCE7}.Debug|Any CPU.Build.0 = Debug|Any CPU
		{BEB539FB-C093-4333-8828-9F78BB6ADCE7}.Debug|Mixed Platforms.ActiveCfg = Debug|Any CPU
		{BEB539FB-C093-4333-8828-9F78BB6ADCE7}.Debug|Mixed Platforms.Build.0 = Debug|Any CPU
		{BEB539FB-C093-4333-8828-9F78BB6ADCE7}.Debug|x64.ActiveCfg = Debug|Any CPU
		{BEB539FB-C093-4333-8828-9F78BB6ADCE7}.Debug|x64.Build.0 = Debug|Any CPU
		{BEB539FB-C093-4333-8828-9F78BB6ADCE7}.Debug|x86.ActiveCfg = Debug|Any CPU
		{BEB539FB-C093-4333-8828-9F78BB6ADCE7}.Debug|x86.Build.0 = Debug|Any CPU
		{BEB539FB-C093-4333-8828-9F78BB6ADCE7}.Development|Any CPU.ActiveCfg = Debug|Any CPU
		{BEB539FB-C093-4333-8828-9F78BB6ADCE7}.Development|Any CPU.Build.0 = Debug|Any CPU
		{BEB539FB-C093-4333-8828-9F78BB6ADCE7}.Development|Mixed Platforms.ActiveCfg = Debug|Any CPU
		{BEB539FB-C093-4333-8828-9F78BB6ADCE7}.Development|Mixed Platforms.Build.0 = Debug|Any CPU
		{BEB539FB-C093-4333-8828-9F78BB6ADCE7}.Development|x64.ActiveCfg = Debug|Any CPU
		{BEB539FB-C093-4333-8828-9F78BB6ADCE7}.Development|x64.Build.0 = Debug|Any CPU
		{BEB539FB-C093-4333-8828-9F78BB6ADCE7}.Development|x86.ActiveCfg = Debug|Any CPU
		{BEB539FB-C093-4333-8828-9F78BB6ADCE7}.Development|x86.Build.0 = Debug|Any CPU
		{BEB539FB-C093-4333-8828-9F78BB6ADCE7}.Release|Any CPU.ActiveCfg = Release|Any CPU
		{BEB539FB-C093-4333-8828-9F78BB6ADCE7}.Release|Any CPU.Build.0 = Release|Any CPU
		{BEB539FB-C093-4333-8828-9F78BB6ADCE7}.Release|Mixed Platforms.ActiveCfg = Release|Any CPU
		{BEB539FB-C093-4333-8828-9F78BB6ADCE7}.Release|Mixed Platforms.Build.0 = Release|Any CPU
		{BEB539FB-C093-4333-8828-9F78BB6ADCE7}.Release|x64.ActiveCfg = Release|Any CPU
		{BEB539FB-C093-4333-8828-9F78BB6ADCE7}.Release|x64.Build.0 = Release|Any CPU
		{BEB539FB-C093-4333-8828-9F78BB6ADCE7}.Release|x86.ActiveCfg = Release|Any CPU
		{BEB539FB-C093-4333-8828-9F78BB6ADCE7}.Release|x86.Build.0 = Release|Any CPU
		{BFDCB202-B7A6-4F3D-813F-970ECB7539AF}.Debug|Any CPU.ActiveCfg = Debug|Any CPU
		{BFDCB202-B7A6-4F3D-813F-970ECB7539AF}.Debug|Any CPU.Build.0 = Debug|Any CPU
		{BFDCB202-B7A6-4F3D-813F-970ECB7539AF}.Debug|Mixed Platforms.ActiveCfg = Debug|Any CPU
		{BFDCB202-B7A6-4F3D-813F-970ECB7539AF}.Debug|Mixed Platforms.Build.0 = Debug|Any CPU
		{BFDCB202-B7A6-4F3D-813F-970ECB7539AF}.Debug|x64.ActiveCfg = Debug|Any CPU
		{BFDCB202-B7A6-4F3D-813F-970ECB7539AF}.Debug|x64.Build.0 = Debug|Any CPU
		{BFDCB202-B7A6-4F3D-813F-970ECB7539AF}.Debug|x86.ActiveCfg = Debug|Any CPU
		{BFDCB202-B7A6-4F3D-813F-970ECB7539AF}.Debug|x86.Build.0 = Debug|Any CPU
		{BFDCB202-B7A6-4F3D-813F-970ECB7539AF}.Development|Any CPU.ActiveCfg = Debug|Any CPU
		{BFDCB202-B7A6-4F3D-813F-970ECB7539AF}.Development|Any CPU.Build.0 = Debug|Any CPU
		{BFDCB202-B7A6-4F3D-813F-970ECB7539AF}.Development|Mixed Platforms.ActiveCfg = Debug|Any CPU
		{BFDCB202-B7A6-4F3D-813F-970ECB7539AF}.Development|Mixed Platforms.Build.0 = Debug|Any CPU
		{BFDCB202-B7A6-4F3D-813F-970ECB7539AF}.Development|x64.ActiveCfg = Debug|Any CPU
		{BFDCB202-B7A6-4F3D-813F-970ECB7539AF}.Development|x64.Build.0 = Debug|Any CPU
		{BFDCB202-B7A6-4F3D-813F-970ECB7539AF}.Development|x86.ActiveCfg = Debug|Any CPU
		{BFDCB202-B7A6-4F3D-813F-970ECB7539AF}.Development|x86.Build.0 = Debug|Any CPU
		{BFDCB202-B7A6-4F3D-813F-970ECB7539AF}.Release|Any CPU.ActiveCfg = Release|Any CPU
		{BFDCB202-B7A6-4F3D-813F-970ECB7539AF}.Release|Any CPU.Build.0 = Release|Any CPU
		{BFDCB202-B7A6-4F3D-813F-970ECB7539AF}.Release|Mixed Platforms.ActiveCfg = Release|Any CPU
		{BFDCB202-B7A6-4F3D-813F-970ECB7539AF}.Release|Mixed Platforms.Build.0 = Release|Any CPU
		{BFDCB202-B7A6-4F3D-813F-970ECB7539AF}.Release|x64.ActiveCfg = Release|Any CPU
		{BFDCB202-B7A6-4F3D-813F-970ECB7539AF}.Release|x64.Build.0 = Release|Any CPU
		{BFDCB202-B7A6-4F3D-813F-970ECB7539AF}.Release|x86.ActiveCfg = Release|Any CPU
		{BFDCB202-B7A6-4F3D-813F-970ECB7539AF}.Release|x86.Build.0 = Release|Any CPU
		{BAB19F73-2E6D-43FE-97B4-CB6260372E26}.Debug|Any CPU.ActiveCfg = Debug|Any CPU
		{BAB19F73-2E6D-43FE-97B4-CB6260372E26}.Debug|Any CPU.Build.0 = Debug|Any CPU
		{BAB19F73-2E6D-43FE-97B4-CB6260372E26}.Debug|Mixed Platforms.ActiveCfg = Debug|Any CPU
		{BAB19F73-2E6D-43FE-97B4-CB6260372E26}.Debug|Mixed Platforms.Build.0 = Debug|Any CPU
		{BAB19F73-2E6D-43FE-97B4-CB6260372E26}.Debug|x64.ActiveCfg = Debug|Any CPU
		{BAB19F73-2E6D-43FE-97B4-CB6260372E26}.Debug|x64.Build.0 = Debug|Any CPU
		{BAB19F73-2E6D-43FE-97B4-CB6260372E26}.Debug|x86.ActiveCfg = Debug|Any CPU
		{BAB19F73-2E6D-43FE-97B4-CB6260372E26}.Debug|x86.Build.0 = Debug|Any CPU
		{BAB19F73-2E6D-43FE-97B4-CB6260372E26}.Development|Any CPU.ActiveCfg = Debug|Any CPU
		{BAB19F73-2E6D-43FE-97B4-CB6260372E26}.Development|Any CPU.Build.0 = Debug|Any CPU
		{BAB19F73-2E6D-43FE-97B4-CB6260372E26}.Development|Mixed Platforms.ActiveCfg = Debug|Any CPU
		{BAB19F73-2E6D-43FE-97B4-CB6260372E26}.Development|Mixed Platforms.Build.0 = Debug|Any CPU
		{BAB19F73-2E6D-43FE-97B4-CB6260372E26}.Development|x64.ActiveCfg = Debug|Any CPU
		{BAB19F73-2E6D-43FE-97B4-CB6260372E26}.Development|x64.Build.0 = Debug|Any CPU
		{BAB19F73-2E6D-43FE-97B4-CB6260372E26}.Development|x86.ActiveCfg = Debug|Any CPU
		{BAB19F73-2E6D-43FE-97B4-CB6260372E26}.Development|x86.Build.0 = Debug|Any CPU
		{BAB19F73-2E6D-43FE-97B4-CB6260372E26}.Release|Any CPU.ActiveCfg = Release|Any CPU
		{BAB19F73-2E6D-43FE-97B4-CB6260372E26}.Release|Any CPU.Build.0 = Release|Any CPU
		{BAB19F73-2E6D-43FE-97B4-CB6260372E26}.Release|Mixed Platforms.ActiveCfg = Release|Any CPU
		{BAB19F73-2E6D-43FE-97B4-CB6260372E26}.Release|Mixed Platforms.Build.0 = Release|Any CPU
		{BAB19F73-2E6D-43FE-97B4-CB6260372E26}.Release|x64.ActiveCfg = Release|Any CPU
		{BAB19F73-2E6D-43FE-97B4-CB6260372E26}.Release|x64.Build.0 = Release|Any CPU
		{BAB19F73-2E6D-43FE-97B4-CB6260372E26}.Release|x86.ActiveCfg = Release|Any CPU
		{BAB19F73-2E6D-43FE-97B4-CB6260372E26}.Release|x86.Build.0 = Release|Any CPU
		{981CD2A5-6DE0-4B26-A861-0942D4EA2685}.Debug|Any CPU.ActiveCfg = Debug|Any CPU
		{981CD2A5-6DE0-4B26-A861-0942D4EA2685}.Debug|Any CPU.Build.0 = Debug|Any CPU
		{981CD2A5-6DE0-4B26-A861-0942D4EA2685}.Debug|Mixed Platforms.ActiveCfg = Debug|Any CPU
		{981CD2A5-6DE0-4B26-A861-0942D4EA2685}.Debug|Mixed Platforms.Build.0 = Debug|Any CPU
		{981CD2A5-6DE0-4B26-A861-0942D4EA2685}.Debug|x64.ActiveCfg = Debug|Any CPU
		{981CD2A5-6DE0-4B26-A861-0942D4EA2685}.Debug|x64.Build.0 = Debug|Any CPU
		{981CD2A5-6DE0-4B26-A861-0942D4EA2685}.Debug|x86.ActiveCfg = Debug|Any CPU
		{981CD2A5-6DE0-4B26-A861-0942D4EA2685}.Debug|x86.Build.0 = Debug|Any CPU
		{981CD2A5-6DE0-4B26-A861-0942D4EA2685}.Development|Any CPU.ActiveCfg = Debug|Any CPU
		{981CD2A5-6DE0-4B26-A861-0942D4EA2685}.Development|Any CPU.Build.0 = Debug|Any CPU
		{981CD2A5-6DE0-4B26-A861-0942D4EA2685}.Development|Mixed Platforms.ActiveCfg = Debug|Any CPU
		{981CD2A5-6DE0-4B26-A861-0942D4EA2685}.Development|Mixed Platforms.Build.0 = Debug|Any CPU
		{981CD2A5-6DE0-4B26-A861-0942D4EA2685}.Development|x64.ActiveCfg = Debug|Any CPU
		{981CD2A5-6DE0-4B26-A861-0942D4EA2685}.Development|x64.Build.0 = Debug|Any CPU
		{981CD2A5-6DE0-4B26-A861-0942D4EA2685}.Development|x86.ActiveCfg = Debug|Any CPU
		{981CD2A5-6DE0-4B26-A861-0942D4EA2685}.Development|x86.Build.0 = Debug|Any CPU
		{981CD2A5-6DE0-4B26-A861-0942D4EA2685}.Release|Any CPU.ActiveCfg = Release|Any CPU
		{981CD2A5-6DE0-4B26-A861-0942D4EA2685}.Release|Any CPU.Build.0 = Release|Any CPU
		{981CD2A5-6DE0-4B26-A861-0942D4EA2685}.Release|Mixed Platforms.ActiveCfg = Release|Any CPU
		{981CD2A5-6DE0-4B26-A861-0942D4EA2685}.Release|Mixed Platforms.Build.0 = Release|Any CPU
		{981CD2A5-6DE0-4B26-A861-0942D4EA2685}.Release|x64.ActiveCfg = Release|Any CPU
		{981CD2A5-6DE0-4B26-A861-0942D4EA2685}.Release|x64.Build.0 = Release|Any CPU
		{981CD2A5-6DE0-4B26-A861-0942D4EA2685}.Release|x86.ActiveCfg = Release|Any CPU
		{981CD2A5-6DE0-4B26-A861-0942D4EA2685}.Release|x86.Build.0 = Release|Any CPU
		{D22EC4D8-FF56-4A5D-9505-033FC072D291}.Debug|Any CPU.ActiveCfg = Debug|Any CPU
		{D22EC4D8-FF56-4A5D-9505-033FC072D291}.Debug|Any CPU.Build.0 = Debug|Any CPU
		{D22EC4D8-FF56-4A5D-9505-033FC072D291}.Debug|Mixed Platforms.ActiveCfg = Debug|Any CPU
		{D22EC4D8-FF56-4A5D-9505-033FC072D291}.Debug|Mixed Platforms.Build.0 = Debug|Any CPU
		{D22EC4D8-FF56-4A5D-9505-033FC072D291}.Debug|x64.ActiveCfg = Debug|Any CPU
		{D22EC4D8-FF56-4A5D-9505-033FC072D291}.Debug|x64.Build.0 = Debug|Any CPU
		{D22EC4D8-FF56-4A5D-9505-033FC072D291}.Debug|x86.ActiveCfg = Debug|Any CPU
		{D22EC4D8-FF56-4A5D-9505-033FC072D291}.Debug|x86.Build.0 = Debug|Any CPU
		{D22EC4D8-FF56-4A5D-9505-033FC072D291}.Development|Any CPU.ActiveCfg = Debug|Any CPU
		{D22EC4D8-FF56-4A5D-9505-033FC072D291}.Development|Any CPU.Build.0 = Debug|Any CPU
		{D22EC4D8-FF56-4A5D-9505-033FC072D291}.Development|Mixed Platforms.ActiveCfg = Debug|Any CPU
		{D22EC4D8-FF56-4A5D-9505-033FC072D291}.Development|Mixed Platforms.Build.0 = Debug|Any CPU
		{D22EC4D8-FF56-4A5D-9505-033FC072D291}.Development|x64.ActiveCfg = Debug|Any CPU
		{D22EC4D8-FF56-4A5D-9505-033FC072D291}.Development|x64.Build.0 = Debug|Any CPU
		{D22EC4D8-FF56-4A5D-9505-033FC072D291}.Development|x86.ActiveCfg = Debug|Any CPU
		{D22EC4D8-FF56-4A5D-9505-033FC072D291}.Development|x86.Build.0 = Debug|Any CPU
		{D22EC4D8-FF56-4A5D-9505-033FC072D291}.Release|Any CPU.ActiveCfg = Release|Any CPU
		{D22EC4D8-FF56-4A5D-9505-033FC072D291}.Release|Any CPU.Build.0 = Release|Any CPU
		{D22EC4D8-FF56-4A5D-9505-033FC072D291}.Release|Mixed Platforms.ActiveCfg = Release|Any CPU
		{D22EC4D8-FF56-4A5D-9505-033FC072D291}.Release|Mixed Platforms.Build.0 = Release|Any CPU
		{D22EC4D8-FF56-4A5D-9505-033FC072D291}.Release|x64.ActiveCfg = Release|Any CPU
		{D22EC4D8-FF56-4A5D-9505-033FC072D291}.Release|x64.Build.0 = Release|Any CPU
		{D22EC4D8-FF56-4A5D-9505-033FC072D291}.Release|x86.ActiveCfg = Release|Any CPU
		{D22EC4D8-FF56-4A5D-9505-033FC072D291}.Release|x86.Build.0 = Release|Any CPU
		{7A68F400-0913-4550-B0AE-DD322F200F27}.Debug|Any CPU.ActiveCfg = Debug|Any CPU
		{7A68F400-0913-4550-B0AE-DD322F200F27}.Debug|Any CPU.Build.0 = Debug|Any CPU
		{7A68F400-0913-4550-B0AE-DD322F200F27}.Debug|Mixed Platforms.ActiveCfg = Debug|Any CPU
		{7A68F400-0913-4550-B0AE-DD322F200F27}.Debug|Mixed Platforms.Build.0 = Debug|Any CPU
		{7A68F400-0913-4550-B0AE-DD322F200F27}.Debug|x64.ActiveCfg = Debug|Any CPU
		{7A68F400-0913-4550-B0AE-DD322F200F27}.Debug|x64.Build.0 = Debug|Any CPU
		{7A68F400-0913-4550-B0AE-DD322F200F27}.Debug|x86.ActiveCfg = Debug|Any CPU
		{7A68F400-0913-4550-B0AE-DD322F200F27}.Debug|x86.Build.0 = Debug|Any CPU
		{7A68F400-0913-4550-B0AE-DD322F200F27}.Development|Any CPU.ActiveCfg = Debug|Any CPU
		{7A68F400-0913-4550-B0AE-DD322F200F27}.Development|Any CPU.Build.0 = Debug|Any CPU
		{7A68F400-0913-4550-B0AE-DD322F200F27}.Development|Mixed Platforms.ActiveCfg = Debug|Any CPU
		{7A68F400-0913-4550-B0AE-DD322F200F27}.Development|Mixed Platforms.Build.0 = Debug|Any CPU
		{7A68F400-0913-4550-B0AE-DD322F200F27}.Development|x64.ActiveCfg = Debug|Any CPU
		{7A68F400-0913-4550-B0AE-DD322F200F27}.Development|x64.Build.0 = Debug|Any CPU
		{7A68F400-0913-4550-B0AE-DD322F200F27}.Development|x86.ActiveCfg = Debug|Any CPU
		{7A68F400-0913-4550-B0AE-DD322F200F27}.Development|x86.Build.0 = Debug|Any CPU
		{7A68F400-0913-4550-B0AE-DD322F200F27}.Release|Any CPU.ActiveCfg = Release|Any CPU
		{7A68F400-0913-4550-B0AE-DD322F200F27}.Release|Any CPU.Build.0 = Release|Any CPU
		{7A68F400-0913-4550-B0AE-DD322F200F27}.Release|Mixed Platforms.ActiveCfg = Release|Any CPU
		{7A68F400-0913-4550-B0AE-DD322F200F27}.Release|Mixed Platforms.Build.0 = Release|Any CPU
		{7A68F400-0913-4550-B0AE-DD322F200F27}.Release|x64.ActiveCfg = Release|Any CPU
		{7A68F400-0913-4550-B0AE-DD322F200F27}.Release|x64.Build.0 = Release|Any CPU
		{7A68F400-0913-4550-B0AE-DD322F200F27}.Release|x86.ActiveCfg = Release|Any CPU
		{7A68F400-0913-4550-B0AE-DD322F200F27}.Release|x86.Build.0 = Release|Any CPU
		{3067EFCC-91DE-48EA-8F7E-E0D95216C6DC}.Debug|Any CPU.ActiveCfg = Debug|Any CPU
		{3067EFCC-91DE-48EA-8F7E-E0D95216C6DC}.Debug|Any CPU.Build.0 = Debug|Any CPU
		{3067EFCC-91DE-48EA-8F7E-E0D95216C6DC}.Debug|Mixed Platforms.ActiveCfg = Debug|Any CPU
		{3067EFCC-91DE-48EA-8F7E-E0D95216C6DC}.Debug|Mixed Platforms.Build.0 = Debug|Any CPU
		{3067EFCC-91DE-48EA-8F7E-E0D95216C6DC}.Debug|x64.ActiveCfg = Debug|Any CPU
		{3067EFCC-91DE-48EA-8F7E-E0D95216C6DC}.Debug|x64.Build.0 = Debug|Any CPU
		{3067EFCC-91DE-48EA-8F7E-E0D95216C6DC}.Debug|x86.ActiveCfg = Debug|Any CPU
		{3067EFCC-91DE-48EA-8F7E-E0D95216C6DC}.Debug|x86.Build.0 = Debug|Any CPU
		{3067EFCC-91DE-48EA-8F7E-E0D95216C6DC}.Development|Any CPU.ActiveCfg = Debug|Any CPU
		{3067EFCC-91DE-48EA-8F7E-E0D95216C6DC}.Development|Any CPU.Build.0 = Debug|Any CPU
		{3067EFCC-91DE-48EA-8F7E-E0D95216C6DC}.Development|Mixed Platforms.ActiveCfg = Debug|Any CPU
		{3067EFCC-91DE-48EA-8F7E-E0D95216C6DC}.Development|Mixed Platforms.Build.0 = Debug|Any CPU
		{3067EFCC-91DE-48EA-8F7E-E0D95216C6DC}.Development|x64.ActiveCfg = Debug|Any CPU
		{3067EFCC-91DE-48EA-8F7E-E0D95216C6DC}.Development|x64.Build.0 = Debug|Any CPU
		{3067EFCC-91DE-48EA-8F7E-E0D95216C6DC}.Development|x86.ActiveCfg = Debug|Any CPU
		{3067EFCC-91DE-48EA-8F7E-E0D95216C6DC}.Development|x86.Build.0 = Debug|Any CPU
		{3067EFCC-91DE-48EA-8F7E-E0D95216C6DC}.Release|Any CPU.ActiveCfg = Release|Any CPU
		{3067EFCC-91DE-48EA-8F7E-E0D95216C6DC}.Release|Any CPU.Build.0 = Release|Any CPU
		{3067EFCC-91DE-48EA-8F7E-E0D95216C6DC}.Release|Mixed Platforms.ActiveCfg = Release|Any CPU
		{3067EFCC-91DE-48EA-8F7E-E0D95216C6DC}.Release|Mixed Platforms.Build.0 = Release|Any CPU
		{3067EFCC-91DE-48EA-8F7E-E0D95216C6DC}.Release|x64.ActiveCfg = Release|Any CPU
		{3067EFCC-91DE-48EA-8F7E-E0D95216C6DC}.Release|x64.Build.0 = Release|Any CPU
		{3067EFCC-91DE-48EA-8F7E-E0D95216C6DC}.Release|x86.ActiveCfg = Release|Any CPU
		{3067EFCC-91DE-48EA-8F7E-E0D95216C6DC}.Release|x86.Build.0 = Release|Any CPU
		{80C6093C-47D5-41A1-9FA0-E218E82FA666}.Debug|Any CPU.ActiveCfg = Debug|Any CPU
		{80C6093C-47D5-41A1-9FA0-E218E82FA666}.Debug|Any CPU.Build.0 = Debug|Any CPU
		{80C6093C-47D5-41A1-9FA0-E218E82FA666}.Debug|Mixed Platforms.ActiveCfg = Debug|Any CPU
		{80C6093C-47D5-41A1-9FA0-E218E82FA666}.Debug|Mixed Platforms.Build.0 = Debug|Any CPU
		{80C6093C-47D5-41A1-9FA0-E218E82FA666}.Debug|x64.ActiveCfg = Debug|Any CPU
		{80C6093C-47D5-41A1-9FA0-E218E82FA666}.Debug|x64.Build.0 = Debug|Any CPU
		{80C6093C-47D5-41A1-9FA0-E218E82FA666}.Debug|x86.ActiveCfg = Debug|Any CPU
		{80C6093C-47D5-41A1-9FA0-E218E82FA666}.Debug|x86.Build.0 = Debug|Any CPU
		{80C6093C-47D5-41A1-9FA0-E218E82FA666}.Development|Any CPU.ActiveCfg = Debug|Any CPU
		{80C6093C-47D5-41A1-9FA0-E218E82FA666}.Development|Any CPU.Build.0 = Debug|Any CPU
		{80C6093C-47D5-41A1-9FA0-E218E82FA666}.Development|Mixed Platforms.ActiveCfg = Debug|Any CPU
		{80C6093C-47D5-41A1-9FA0-E218E82FA666}.Development|Mixed Platforms.Build.0 = Debug|Any CPU
		{80C6093C-47D5-41A1-9FA0-E218E82FA666}.Development|x64.ActiveCfg = Debug|Any CPU
		{80C6093C-47D5-41A1-9FA0-E218E82FA666}.Development|x64.Build.0 = Debug|Any CPU
		{80C6093C-47D5-41A1-9FA0-E218E82FA666}.Development|x86.ActiveCfg = Debug|Any CPU
		{80C6093C-47D5-41A1-9FA0-E218E82FA666}.Development|x86.Build.0 = Debug|Any CPU
		{80C6093C-47D5-41A1-9FA0-E218E82FA666}.Release|Any CPU.ActiveCfg = Release|Any CPU
		{80C6093C-47D5-41A1-9FA0-E218E82FA666}.Release|Any CPU.Build.0 = Release|Any CPU
		{80C6093C-47D5-41A1-9FA0-E218E82FA666}.Release|Mixed Platforms.ActiveCfg = Release|Any CPU
		{80C6093C-47D5-41A1-9FA0-E218E82FA666}.Release|Mixed Platforms.Build.0 = Release|Any CPU
		{80C6093C-47D5-41A1-9FA0-E218E82FA666}.Release|x64.ActiveCfg = Release|Any CPU
		{80C6093C-47D5-41A1-9FA0-E218E82FA666}.Release|x64.Build.0 = Release|Any CPU
		{80C6093C-47D5-41A1-9FA0-E218E82FA666}.Release|x86.ActiveCfg = Release|Any CPU
		{80C6093C-47D5-41A1-9FA0-E218E82FA666}.Release|x86.Build.0 = Release|Any CPU
		{BA27D218-484B-4F08-BAB9-38C02181BDED}.Debug|Any CPU.ActiveCfg = Debug|Any CPU
		{BA27D218-484B-4F08-BAB9-38C02181BDED}.Debug|Any CPU.Build.0 = Debug|Any CPU
		{BA27D218-484B-4F08-BAB9-38C02181BDED}.Debug|Mixed Platforms.ActiveCfg = Debug|Any CPU
		{BA27D218-484B-4F08-BAB9-38C02181BDED}.Debug|Mixed Platforms.Build.0 = Debug|Any CPU
		{BA27D218-484B-4F08-BAB9-38C02181BDED}.Debug|x64.ActiveCfg = Debug|Any CPU
		{BA27D218-484B-4F08-BAB9-38C02181BDED}.Debug|x64.Build.0 = Debug|Any CPU
		{BA27D218-484B-4F08-BAB9-38C02181BDED}.Debug|x86.ActiveCfg = Debug|Any CPU
		{BA27D218-484B-4F08-BAB9-38C02181BDED}.Debug|x86.Build.0 = Debug|Any CPU
		{BA27D218-484B-4F08-BAB9-38C02181BDED}.Development|Any CPU.ActiveCfg = Debug|Any CPU
		{BA27D218-484B-4F08-BAB9-38C02181BDED}.Development|Any CPU.Build.0 = Debug|Any CPU
		{BA27D218-484B-4F08-BAB9-38C02181BDED}.Development|Mixed Platforms.ActiveCfg = Debug|Any CPU
		{BA27D218-484B-4F08-BAB9-38C02181BDED}.Development|Mixed Platforms.Build.0 = Debug|Any CPU
		{BA27D218-484B-4F08-BAB9-38C02181BDED}.Development|x64.ActiveCfg = Debug|Any CPU
		{BA27D218-484B-4F08-BAB9-38C02181BDED}.Development|x64.Build.0 = Debug|Any CPU
		{BA27D218-484B-4F08-BAB9-38C02181BDED}.Development|x86.ActiveCfg = Debug|Any CPU
		{BA27D218-484B-4F08-BAB9-38C02181BDED}.Development|x86.Build.0 = Debug|Any CPU
		{BA27D218-484B-4F08-BAB9-38C02181BDED}.Release|Any CPU.ActiveCfg = Release|Any CPU
		{BA27D218-484B-4F08-BAB9-38C02181BDED}.Release|Any CPU.Build.0 = Release|Any CPU
		{BA27D218-484B-4F08-BAB9-38C02181BDED}.Release|Mixed Platforms.ActiveCfg = Release|Any CPU
		{BA27D218-484B-4F08-BAB9-38C02181BDED}.Release|Mixed Platforms.Build.0 = Release|Any CPU
		{BA27D218-484B-4F08-BAB9-38C02181BDED}.Release|x64.ActiveCfg = Release|Any CPU
		{BA27D218-484B-4F08-BAB9-38C02181BDED}.Release|x64.Build.0 = Release|Any CPU
		{BA27D218-484B-4F08-BAB9-38C02181BDED}.Release|x86.ActiveCfg = Release|Any CPU
		{BA27D218-484B-4F08-BAB9-38C02181BDED}.Release|x86.Build.0 = Release|Any CPU
		{B3121CA8-FA98-4EE7-97A0-F3FE38B958A2}.Debug|Any CPU.ActiveCfg = Debug|Any CPU
		{B3121CA8-FA98-4EE7-97A0-F3FE38B958A2}.Debug|Any CPU.Build.0 = Debug|Any CPU
		{B3121CA8-FA98-4EE7-97A0-F3FE38B958A2}.Debug|Mixed Platforms.ActiveCfg = Debug|Any CPU
		{B3121CA8-FA98-4EE7-97A0-F3FE38B958A2}.Debug|Mixed Platforms.Build.0 = Debug|Any CPU
		{B3121CA8-FA98-4EE7-97A0-F3FE38B958A2}.Debug|x64.ActiveCfg = Debug|Any CPU
		{B3121CA8-FA98-4EE7-97A0-F3FE38B958A2}.Debug|x64.Build.0 = Debug|Any CPU
		{B3121CA8-FA98-4EE7-97A0-F3FE38B958A2}.Debug|x86.ActiveCfg = Debug|Any CPU
		{B3121CA8-FA98-4EE7-97A0-F3FE38B958A2}.Debug|x86.Build.0 = Debug|Any CPU
		{B3121CA8-FA98-4EE7-97A0-F3FE38B958A2}.Development|Any CPU.ActiveCfg = Debug|Any CPU
		{B3121CA8-FA98-4EE7-97A0-F3FE38B958A2}.Development|Any CPU.Build.0 = Debug|Any CPU
		{B3121CA8-FA98-4EE7-97A0-F3FE38B958A2}.Development|Mixed Platforms.ActiveCfg = Debug|Any CPU
		{B3121CA8-FA98-4EE7-97A0-F3FE38B958A2}.Development|Mixed Platforms.Build.0 = Debug|Any CPU
		{B3121CA8-FA98-4EE7-97A0-F3FE38B958A2}.Development|x64.ActiveCfg = Debug|Any CPU
		{B3121CA8-FA98-4EE7-97A0-F3FE38B958A2}.Development|x64.Build.0 = Debug|Any CPU
		{B3121CA8-FA98-4EE7-97A0-F3FE38B958A2}.Development|x86.ActiveCfg = Debug|Any CPU
		{B3121CA8-FA98-4EE7-97A0-F3FE38B958A2}.Development|x86.Build.0 = Debug|Any CPU
		{B3121CA8-FA98-4EE7-97A0-F3FE38B958A2}.Release|Any CPU.ActiveCfg = Release|Any CPU
		{B3121CA8-FA98-4EE7-97A0-F3FE38B958A2}.Release|Any CPU.Build.0 = Release|Any CPU
		{B3121CA8-FA98-4EE7-97A0-F3FE38B958A2}.Release|Mixed Platforms.ActiveCfg = Release|Any CPU
		{B3121CA8-FA98-4EE7-97A0-F3FE38B958A2}.Release|Mixed Platforms.Build.0 = Release|Any CPU
		{B3121CA8-FA98-4EE7-97A0-F3FE38B958A2}.Release|x64.ActiveCfg = Release|Any CPU
		{B3121CA8-FA98-4EE7-97A0-F3FE38B958A2}.Release|x64.Build.0 = Release|Any CPU
		{B3121CA8-FA98-4EE7-97A0-F3FE38B958A2}.Release|x86.ActiveCfg = Release|Any CPU
		{B3121CA8-FA98-4EE7-97A0-F3FE38B958A2}.Release|x86.Build.0 = Release|Any CPU
		{D557076F-5384-48D9-B483-35C911E46D30}.Debug|Any CPU.ActiveCfg = Debug|Any CPU
		{D557076F-5384-48D9-B483-35C911E46D30}.Debug|Any CPU.Build.0 = Debug|Any CPU
		{D557076F-5384-48D9-B483-35C911E46D30}.Debug|Mixed Platforms.ActiveCfg = Debug|Any CPU
		{D557076F-5384-48D9-B483-35C911E46D30}.Debug|Mixed Platforms.Build.0 = Debug|Any CPU
		{D557076F-5384-48D9-B483-35C911E46D30}.Debug|x64.ActiveCfg = Debug|x64
		{D557076F-5384-48D9-B483-35C911E46D30}.Debug|x64.Build.0 = Debug|x64
		{D557076F-5384-48D9-B483-35C911E46D30}.Debug|x86.ActiveCfg = Debug|Any CPU
		{D557076F-5384-48D9-B483-35C911E46D30}.Debug|x86.Build.0 = Debug|Any CPU
		{D557076F-5384-48D9-B483-35C911E46D30}.Development|Any CPU.ActiveCfg = Debug|Any CPU
		{D557076F-5384-48D9-B483-35C911E46D30}.Development|Any CPU.Build.0 = Debug|Any CPU
		{D557076F-5384-48D9-B483-35C911E46D30}.Development|Mixed Platforms.ActiveCfg = Debug|Any CPU
		{D557076F-5384-48D9-B483-35C911E46D30}.Development|Mixed Platforms.Build.0 = Debug|Any CPU
		{D557076F-5384-48D9-B483-35C911E46D30}.Development|x64.ActiveCfg = Debug|x64
		{D557076F-5384-48D9-B483-35C911E46D30}.Development|x64.Build.0 = Debug|x64
		{D557076F-5384-48D9-B483-35C911E46D30}.Development|x86.ActiveCfg = Debug|Any CPU
		{D557076F-5384-48D9-B483-35C911E46D30}.Development|x86.Build.0 = Debug|Any CPU
		{D557076F-5384-48D9-B483-35C911E46D30}.Release|Any CPU.ActiveCfg = Release|Any CPU
		{D557076F-5384-48D9-B483-35C911E46D30}.Release|Any CPU.Build.0 = Release|Any CPU
		{D557076F-5384-48D9-B483-35C911E46D30}.Release|Mixed Platforms.ActiveCfg = Release|Any CPU
		{D557076F-5384-48D9-B483-35C911E46D30}.Release|Mixed Platforms.Build.0 = Release|Any CPU
		{D557076F-5384-48D9-B483-35C911E46D30}.Release|x64.ActiveCfg = Release|x64
		{D557076F-5384-48D9-B483-35C911E46D30}.Release|x64.Build.0 = Release|x64
		{D557076F-5384-48D9-B483-35C911E46D30}.Release|x86.ActiveCfg = Release|Any CPU
		{D557076F-5384-48D9-B483-35C911E46D30}.Release|x86.Build.0 = Release|Any CPU
		{4FE1FC58-F73F-4716-A2DE-0262921ED15D}.Debug|Any CPU.ActiveCfg = Debug|Any CPU
		{4FE1FC58-F73F-4716-A2DE-0262921ED15D}.Debug|Any CPU.Build.0 = Debug|Any CPU
		{4FE1FC58-F73F-4716-A2DE-0262921ED15D}.Debug|Mixed Platforms.ActiveCfg = Debug|Any CPU
		{4FE1FC58-F73F-4716-A2DE-0262921ED15D}.Debug|Mixed Platforms.Build.0 = Debug|Any CPU
		{4FE1FC58-F73F-4716-A2DE-0262921ED15D}.Debug|x64.ActiveCfg = Debug|x64
		{4FE1FC58-F73F-4716-A2DE-0262921ED15D}.Debug|x64.Build.0 = Debug|x64
		{4FE1FC58-F73F-4716-A2DE-0262921ED15D}.Debug|x86.ActiveCfg = Debug|Any CPU
		{4FE1FC58-F73F-4716-A2DE-0262921ED15D}.Debug|x86.Build.0 = Debug|Any CPU
		{4FE1FC58-F73F-4716-A2DE-0262921ED15D}.Development|Any CPU.ActiveCfg = Debug|Any CPU
		{4FE1FC58-F73F-4716-A2DE-0262921ED15D}.Development|Any CPU.Build.0 = Debug|Any CPU
		{4FE1FC58-F73F-4716-A2DE-0262921ED15D}.Development|Mixed Platforms.ActiveCfg = Debug|Any CPU
		{4FE1FC58-F73F-4716-A2DE-0262921ED15D}.Development|Mixed Platforms.Build.0 = Debug|Any CPU
		{4FE1FC58-F73F-4716-A2DE-0262921ED15D}.Development|x64.ActiveCfg = Debug|x64
		{4FE1FC58-F73F-4716-A2DE-0262921ED15D}.Development|x64.Build.0 = Debug|x64
		{4FE1FC58-F73F-4716-A2DE-0262921ED15D}.Development|x86.ActiveCfg = Debug|Any CPU
		{4FE1FC58-F73F-4716-A2DE-0262921ED15D}.Development|x86.Build.0 = Debug|Any CPU
		{4FE1FC58-F73F-4716-A2DE-0262921ED15D}.Release|Any CPU.ActiveCfg = Release|Any CPU
		{4FE1FC58-F73F-4716-A2DE-0262921ED15D}.Release|Any CPU.Build.0 = Release|Any CPU
		{4FE1FC58-F73F-4716-A2DE-0262921ED15D}.Release|Mixed Platforms.ActiveCfg = Release|Any CPU
		{4FE1FC58-F73F-4716-A2DE-0262921ED15D}.Release|Mixed Platforms.Build.0 = Release|Any CPU
		{4FE1FC58-F73F-4716-A2DE-0262921ED15D}.Release|x64.ActiveCfg = Release|x64
		{4FE1FC58-F73F-4716-A2DE-0262921ED15D}.Release|x64.Build.0 = Release|x64
		{4FE1FC58-F73F-4716-A2DE-0262921ED15D}.Release|x86.ActiveCfg = Release|Any CPU
		{4FE1FC58-F73F-4716-A2DE-0262921ED15D}.Release|x86.Build.0 = Release|Any CPU
		{B4334C06-09BD-463F-9908-27C19D475940}.Debug|Any CPU.ActiveCfg = Debug|Any CPU
		{B4334C06-09BD-463F-9908-27C19D475940}.Debug|Any CPU.Build.0 = Debug|Any CPU
		{B4334C06-09BD-463F-9908-27C19D475940}.Debug|Mixed Platforms.ActiveCfg = Debug|Any CPU
		{B4334C06-09BD-463F-9908-27C19D475940}.Debug|Mixed Platforms.Build.0 = Debug|Any CPU
		{B4334C06-09BD-463F-9908-27C19D475940}.Debug|x64.ActiveCfg = Debug|Any CPU
		{B4334C06-09BD-463F-9908-27C19D475940}.Debug|x64.Build.0 = Debug|Any CPU
		{B4334C06-09BD-463F-9908-27C19D475940}.Debug|x86.ActiveCfg = Debug|Any CPU
		{B4334C06-09BD-463F-9908-27C19D475940}.Debug|x86.Build.0 = Debug|Any CPU
		{B4334C06-09BD-463F-9908-27C19D475940}.Development|Any CPU.ActiveCfg = Debug|Any CPU
		{B4334C06-09BD-463F-9908-27C19D475940}.Development|Any CPU.Build.0 = Debug|Any CPU
		{B4334C06-09BD-463F-9908-27C19D475940}.Development|Mixed Platforms.ActiveCfg = Debug|Any CPU
		{B4334C06-09BD-463F-9908-27C19D475940}.Development|Mixed Platforms.Build.0 = Debug|Any CPU
		{B4334C06-09BD-463F-9908-27C19D475940}.Development|x64.ActiveCfg = Debug|Any CPU
		{B4334C06-09BD-463F-9908-27C19D475940}.Development|x64.Build.0 = Debug|Any CPU
		{B4334C06-09BD-463F-9908-27C19D475940}.Development|x86.ActiveCfg = Debug|Any CPU
		{B4334C06-09BD-463F-9908-27C19D475940}.Development|x86.Build.0 = Debug|Any CPU
		{B4334C06-09BD-463F-9908-27C19D475940}.Release|Any CPU.ActiveCfg = Release|Any CPU
		{B4334C06-09BD-463F-9908-27C19D475940}.Release|Any CPU.Build.0 = Release|Any CPU
		{B4334C06-09BD-463F-9908-27C19D475940}.Release|Mixed Platforms.ActiveCfg = Release|Any CPU
		{B4334C06-09BD-463F-9908-27C19D475940}.Release|Mixed Platforms.Build.0 = Release|Any CPU
		{B4334C06-09BD-463F-9908-27C19D475940}.Release|x64.ActiveCfg = Release|Any CPU
		{B4334C06-09BD-463F-9908-27C19D475940}.Release|x64.Build.0 = Release|Any CPU
		{B4334C06-09BD-463F-9908-27C19D475940}.Release|x86.ActiveCfg = Release|Any CPU
		{B4334C06-09BD-463F-9908-27C19D475940}.Release|x86.Build.0 = Release|Any CPU
		{62E45865-C331-4BE3-96D8-3D213C4CD5D4}.Debug|Any CPU.ActiveCfg = Debug|Any CPU
		{62E45865-C331-4BE3-96D8-3D213C4CD5D4}.Debug|Any CPU.Build.0 = Debug|Any CPU
		{62E45865-C331-4BE3-96D8-3D213C4CD5D4}.Debug|Mixed Platforms.ActiveCfg = Debug|Any CPU
		{62E45865-C331-4BE3-96D8-3D213C4CD5D4}.Debug|Mixed Platforms.Build.0 = Debug|Any CPU
		{62E45865-C331-4BE3-96D8-3D213C4CD5D4}.Debug|x64.ActiveCfg = Debug|Any CPU
		{62E45865-C331-4BE3-96D8-3D213C4CD5D4}.Debug|x64.Build.0 = Debug|Any CPU
		{62E45865-C331-4BE3-96D8-3D213C4CD5D4}.Debug|x86.ActiveCfg = Debug|Any CPU
		{62E45865-C331-4BE3-96D8-3D213C4CD5D4}.Debug|x86.Build.0 = Debug|Any CPU
		{62E45865-C331-4BE3-96D8-3D213C4CD5D4}.Development|Any CPU.ActiveCfg = Debug|Any CPU
		{62E45865-C331-4BE3-96D8-3D213C4CD5D4}.Development|Any CPU.Build.0 = Debug|Any CPU
		{62E45865-C331-4BE3-96D8-3D213C4CD5D4}.Development|Mixed Platforms.ActiveCfg = Debug|Any CPU
		{62E45865-C331-4BE3-96D8-3D213C4CD5D4}.Development|Mixed Platforms.Build.0 = Debug|Any CPU
		{62E45865-C331-4BE3-96D8-3D213C4CD5D4}.Development|x64.ActiveCfg = Debug|Any CPU
		{62E45865-C331-4BE3-96D8-3D213C4CD5D4}.Development|x64.Build.0 = Debug|Any CPU
		{62E45865-C331-4BE3-96D8-3D213C4CD5D4}.Development|x86.ActiveCfg = Debug|Any CPU
		{62E45865-C331-4BE3-96D8-3D213C4CD5D4}.Development|x86.Build.0 = Debug|Any CPU
		{62E45865-C331-4BE3-96D8-3D213C4CD5D4}.Release|Any CPU.ActiveCfg = Release|Any CPU
		{62E45865-C331-4BE3-96D8-3D213C4CD5D4}.Release|Any CPU.Build.0 = Release|Any CPU
		{62E45865-C331-4BE3-96D8-3D213C4CD5D4}.Release|Mixed Platforms.ActiveCfg = Release|Any CPU
		{62E45865-C331-4BE3-96D8-3D213C4CD5D4}.Release|Mixed Platforms.Build.0 = Release|Any CPU
		{62E45865-C331-4BE3-96D8-3D213C4CD5D4}.Release|x64.ActiveCfg = Release|Any CPU
		{62E45865-C331-4BE3-96D8-3D213C4CD5D4}.Release|x64.Build.0 = Release|Any CPU
		{62E45865-C331-4BE3-96D8-3D213C4CD5D4}.Release|x86.ActiveCfg = Release|Any CPU
		{62E45865-C331-4BE3-96D8-3D213C4CD5D4}.Release|x86.Build.0 = Release|Any CPU
	EndGlobalSection
	GlobalSection(SolutionProperties) = preSolution
		HideSolutionNode = FALSE
	EndGlobalSection
	GlobalSection(NestedProjects) = preSolution
		{125BD11C-AC02-4973-9C2D-0720FE1C5C46} = {5F48B3D5-BFC8-43CE-A2DA-5D86F359C05B}
		{22BA05B8-59D7-4E09-8471-7C8012F1B100} = {95FEE37E-4A59-4087-8041-D38061CB8063}
		{1B8AD873-6B0A-45D6-803E-E6CC104BCE81} = {95FEE37E-4A59-4087-8041-D38061CB8063}
		{A4B2AB32-5D8E-4AE9-8350-CB75759A9B11} = {95FEE37E-4A59-4087-8041-D38061CB8063}
		{58D334DC-CEC5-4D6F-BB01-73E13FECAB63} = {5F48B3D5-BFC8-43CE-A2DA-5D86F359C05B}
		{7CAAD278-4001-4CE7-8F16-6573892D12E9} = {AF0D5231-1CB1-4699-B05C-488202139302}
		{86D34513-7E1D-4DD1-AB22-6A2AC809EA93} = {423323A3-9205-471F-A172-FB297DA447D3}
		{C506BD2C-FCB7-49E2-9759-661573B1C60A} = {14EF9757-8481-46A9-A59D-5063056FC2F3}
		{3511148B-317B-4B99-873A-9B328B771410} = {CA98F9AF-8E68-4423-B376-C54CE55E7ABC}
		{548E02A9-7130-4A82-8701-8E87F5A05656} = {834F60EB-3816-49C3-A421-90BADCD457F9}
		{D4674406-445B-46FA-8408-7D89D32D37B2} = {AF0D5231-1CB1-4699-B05C-488202139302}
		{79DCF4FA-291F-4A15-A41B-F915938B8536} = {423323A3-9205-471F-A172-FB297DA447D3}
		{06274B88-CF73-4E1F-80B1-1CB73B3930D6} = {95FEE37E-4A59-4087-8041-D38061CB8063}
		{26083FD7-642B-4F53-BAB3-1C8F0AC8EABF} = {423323A3-9205-471F-A172-FB297DA447D3}
		{75EF9713-861A-4C6B-8F7F-1343FDCBBFFB} = {95FEE37E-4A59-4087-8041-D38061CB8063}
		{DD62C276-E6C2-4C5A-B752-F31A83C039E4} = {5F48B3D5-BFC8-43CE-A2DA-5D86F359C05B}
		{F24C813D-011C-4665-A36C-75F4080F0F7B} = {423323A3-9205-471F-A172-FB297DA447D3}
		{546A83D6-ECD2-4FD5-920C-DD9763033FC5} = {423323A3-9205-471F-A172-FB297DA447D3}
		{EB1B7E0C-FFDC-4088-83F2-EDE0AF24D790} = {423323A3-9205-471F-A172-FB297DA447D3}
		{87060C34-EE0A-4DCD-BCF1-6A213C4D371E} = {AF0D5231-1CB1-4699-B05C-488202139302}
		{61A3B8E0-67EB-4E70-93E1-795468BD4904} = {423323A3-9205-471F-A172-FB297DA447D3}
		{6B2D5C51-4F3E-49F8-9F0A-B682A709BE81} = {CA98F9AF-8E68-4423-B376-C54CE55E7ABC}
		{4DB2388A-2AAA-4369-A30D-35EC284164DB} = {5F48B3D5-BFC8-43CE-A2DA-5D86F359C05B}
		{BEB539FB-C093-4333-8828-9F78BB6ADCE7} = {5F48B3D5-BFC8-43CE-A2DA-5D86F359C05B}
		{BFDCB202-B7A6-4F3D-813F-970ECB7539AF} = {CA98F9AF-8E68-4423-B376-C54CE55E7ABC}
		{BAB19F73-2E6D-43FE-97B4-CB6260372E26} = {423323A3-9205-471F-A172-FB297DA447D3}
		{981CD2A5-6DE0-4B26-A861-0942D4EA2685} = {CA98F9AF-8E68-4423-B376-C54CE55E7ABC}
		{D22EC4D8-FF56-4A5D-9505-033FC072D291} = {423323A3-9205-471F-A172-FB297DA447D3}
		{7A68F400-0913-4550-B0AE-DD322F200F27} = {423323A3-9205-471F-A172-FB297DA447D3}
		{89D587A3-5F46-4D89-B842-BB35A121E4BF} = {95FEE37E-4A59-4087-8041-D38061CB8063}
		{3067EFCC-91DE-48EA-8F7E-E0D95216C6DC} = {14EF9757-8481-46A9-A59D-5063056FC2F3}
		{80C6093C-47D5-41A1-9FA0-E218E82FA666} = {14EF9757-8481-46A9-A59D-5063056FC2F3}
		{BA27D218-484B-4F08-BAB9-38C02181BDED} = {14EF9757-8481-46A9-A59D-5063056FC2F3}
		{B3121CA8-FA98-4EE7-97A0-F3FE38B958A2} = {834F60EB-3816-49C3-A421-90BADCD457F9}
		{D557076F-5384-48D9-B483-35C911E46D30} = {14EF9757-8481-46A9-A59D-5063056FC2F3}
		{4FE1FC58-F73F-4716-A2DE-0262921ED15D} = {834F60EB-3816-49C3-A421-90BADCD457F9}
		{B4334C06-09BD-463F-9908-27C19D475940} = {CA98F9AF-8E68-4423-B376-C54CE55E7ABC}
		{62E45865-C331-4BE3-96D8-3D213C4CD5D4} = {CA98F9AF-8E68-4423-B376-C54CE55E7ABC}
	EndGlobalSection
	GlobalSection(ExtensibilityGlobals) = postSolution
		SolutionGuid = {40D86C67-35D1-4C86-90C0-0B3718969E6E}
	EndGlobalSection
EndGlobal
